
Microsoft Visual Studio Solution File, Format Version 12.00
# Visual Studio Version 17
VisualStudioVersion = 17.1.32407.343
MinimumVisualStudioVersion = 10.0.40219.1
Project("{2150E333-8FDC-42A3-9474-1A3956D46DE8}") = "Runtime", "Runtime", "{EEE2A187-F607-48A8-8AA1-C221DA587F80}"
EndProject
Project("{8BC9CEB8-8B4A-11D0-8D11-00A0C91BC942}") = "Core", "Engine\Source\Runtime\Core\Core.vcxproj", "{CADB2DA2-56FD-47F9-817B-AAFA42378DD9}"
EndProject
Project("{8BC9CEB8-8B4A-11D0-8D11-00A0C91BC942}") = "Sandbox", "Sandbox\Sandbox.vcxproj", "{0BB037BD-EEA6-446A-A11A-B29E5C0619B7}"
EndProject
Project("{8BC9CEB8-8B4A-11D0-8D11-00A0C91BC942}") = "GFX", "Engine\Source\Runtime\GFX\GFX.vcxproj", "{587F5443-B048-4A7A-B773-FE5B6BA0728A}"
EndProject
Project("{8BC9CEB8-8B4A-11D0-8D11-00A0C91BC942}") = "Math", "Engine\Source\Runtime\Math\Math.vcxproj", "{0EEC40C7-807A-4D99-99A6-E3D329AEA25D}"
EndProject
Project("{8BC9CEB8-8B4A-11D0-8D11-00A0C91BC942}") = "Tracer", "Engine\Source\Runtime\Tracer\Tracer.vcxproj", "{2B8CDD09-AA57-4F5F-AB1B-6595BA7D1528}"
EndProject
Project("{8BC9CEB8-8B4A-11D0-8D11-00A0C91BC942}") = "Parallelism", "Engine\Source\Runtime\Parallelism\Parallelism.vcxproj", "{D44BC11A-922A-43B5-8641-480B82BB1815}"
EndProject
Project("{2150E333-8FDC-42A3-9474-1A3956D46DE8}") = "ModulesCore", "ModulesCore", "{AE19A2A9-CE9A-48F1-BA90-228F9FF05D56}"
EndProject
Project("{2150E333-8FDC-42A3-9474-1A3956D46DE8}") = "ModulesApplication", "ModulesApplication", "{767DEA47-B5AF-4589-8E6E-BB0492574F68}"
EndProject
Project("{8BC9CEB8-8B4A-11D0-8D11-00A0C91BC942}") = "Application", "Engine\Source\Runtime\Application\Application.vcxproj", "{B47595DD-25C9-4B07-808A-7CCE497A61D1}"
EndProject
Project("{2150E333-8FDC-42A3-9474-1A3956D46DE8}") = "ModulesGraphics", "ModulesGraphics", "{52754269-DCB3-4047-9B64-F9AE32323F4C}"
EndProject
Project("{2150E333-8FDC-42A3-9474-1A3956D46DE8}") = "ModulesRaster", "ModulesRaster", "{45666204-0F3C-4716-8A81-62A818974313}"
EndProject
Project("{8BC9CEB8-8B4A-11D0-8D11-00A0C91BC942}") = "Image", "Engine\Source\Runtime\Image\Image.vcxproj", "{0FC8B275-7514-4117-93A1-7E9C112B4B70}"
EndProject
Project("{8BC9CEB8-8B4A-11D0-8D11-00A0C91BC942}") = "Platform", "Engine\Source\Runtime\Platform\Platform.vcxproj", "{05B6310E-59BC-496A-AD4F-CCDD23C7F04D}"
EndProject
Project("{8BC9CEB8-8B4A-11D0-8D11-00A0C91BC942}") = "RHI", "Engine\Source\Runtime\RHI\RHI.vcxproj", "{795EB3A2-9F78-4AB8-833F-2B02FBC175F9}"
EndProject
Project("{2150E333-8FDC-42A3-9474-1A3956D46DE8}") = "Dependency", "Dependency", "{DF3B9BCA-178A-4E1A-9D5F-2F859354E8BB}"
EndProject
Project("{8BC9CEB8-8B4A-11D0-8D11-00A0C91BC942}") = "imgui", "Engine\Source\ThirdParty\imgui\imgui.vcxproj", "{558EB959-B88F-4796-B989-C8AB8F43A1B7}"
EndProject
Project("{2150E333-8FDC-42A3-9474-1A3956D46DE8}") = "Editor", "Editor", "{B11F4D88-122B-4018-B091-9BA0B1CE690E}"
EndProject
Project("{8BC9CEB8-8B4A-11D0-8D11-00A0C91BC942}") = "EditorCore", "Engine\Source\Editor\EditorCore\EditorCore.vcxproj", "{F7D1709F-E611-4C47-B878-3DF3C65FB974}"
EndProject
Project("{8BC9CEB8-8B4A-11D0-8D11-00A0C91BC942}") = "EditorFramework", "Engine\Source\Editor\EditorFramework\EditorFramework.vcxproj", "{C48F348A-3E71-4CD3-A8A9-BD3A904728D8}"
EndProject
Global
	GlobalSection(SolutionConfigurationPlatforms) = preSolution
		Debug|x64 = Debug|x64
		Debug|x86 = Debug|x86
		Release|x64 = Release|x64
		Release|x86 = Release|x86
	EndGlobalSection
	GlobalSection(ProjectConfigurationPlatforms) = postSolution
		{CADB2DA2-56FD-47F9-817B-AAFA42378DD9}.Debug|x64.ActiveCfg = Debug|x64
		{CADB2DA2-56FD-47F9-817B-AAFA42378DD9}.Debug|x64.Build.0 = Debug|x64
		{CADB2DA2-56FD-47F9-817B-AAFA42378DD9}.Debug|x86.ActiveCfg = Debug|Win32
		{CADB2DA2-56FD-47F9-817B-AAFA42378DD9}.Debug|x86.Build.0 = Debug|Win32
		{CADB2DA2-56FD-47F9-817B-AAFA42378DD9}.Release|x64.ActiveCfg = Release|x64
		{CADB2DA2-56FD-47F9-817B-AAFA42378DD9}.Release|x64.Build.0 = Release|x64
		{CADB2DA2-56FD-47F9-817B-AAFA42378DD9}.Release|x86.ActiveCfg = Release|Win32
		{CADB2DA2-56FD-47F9-817B-AAFA42378DD9}.Release|x86.Build.0 = Release|Win32
		{0BB037BD-EEA6-446A-A11A-B29E5C0619B7}.Debug|x64.ActiveCfg = Debug|x64
		{0BB037BD-EEA6-446A-A11A-B29E5C0619B7}.Debug|x64.Build.0 = Debug|x64
		{0BB037BD-EEA6-446A-A11A-B29E5C0619B7}.Debug|x86.ActiveCfg = Debug|Win32
		{0BB037BD-EEA6-446A-A11A-B29E5C0619B7}.Debug|x86.Build.0 = Debug|Win32
		{0BB037BD-EEA6-446A-A11A-B29E5C0619B7}.Release|x64.ActiveCfg = Release|x64
		{0BB037BD-EEA6-446A-A11A-B29E5C0619B7}.Release|x64.Build.0 = Release|x64
		{0BB037BD-EEA6-446A-A11A-B29E5C0619B7}.Release|x86.ActiveCfg = Release|Win32
		{0BB037BD-EEA6-446A-A11A-B29E5C0619B7}.Release|x86.Build.0 = Release|Win32
		{587F5443-B048-4A7A-B773-FE5B6BA0728A}.Debug|x64.ActiveCfg = Debug|x64
		{587F5443-B048-4A7A-B773-FE5B6BA0728A}.Debug|x64.Build.0 = Debug|x64
		{587F5443-B048-4A7A-B773-FE5B6BA0728A}.Debug|x86.ActiveCfg = Debug|Win32
		{587F5443-B048-4A7A-B773-FE5B6BA0728A}.Debug|x86.Build.0 = Debug|Win32
		{587F5443-B048-4A7A-B773-FE5B6BA0728A}.Release|x64.ActiveCfg = Release|x64
		{587F5443-B048-4A7A-B773-FE5B6BA0728A}.Release|x64.Build.0 = Release|x64
		{587F5443-B048-4A7A-B773-FE5B6BA0728A}.Release|x86.ActiveCfg = Release|Win32
		{587F5443-B048-4A7A-B773-FE5B6BA0728A}.Release|x86.Build.0 = Release|Win32
		{0EEC40C7-807A-4D99-99A6-E3D329AEA25D}.Debug|x64.ActiveCfg = Debug|x64
		{0EEC40C7-807A-4D99-99A6-E3D329AEA25D}.Debug|x64.Build.0 = Debug|x64
		{0EEC40C7-807A-4D99-99A6-E3D329AEA25D}.Debug|x86.ActiveCfg = Debug|Win32
		{0EEC40C7-807A-4D99-99A6-E3D329AEA25D}.Debug|x86.Build.0 = Debug|Win32
		{0EEC40C7-807A-4D99-99A6-E3D329AEA25D}.Release|x64.ActiveCfg = Release|x64
		{0EEC40C7-807A-4D99-99A6-E3D329AEA25D}.Release|x64.Build.0 = Release|x64
		{0EEC40C7-807A-4D99-99A6-E3D329AEA25D}.Release|x86.ActiveCfg = Release|Win32
		{0EEC40C7-807A-4D99-99A6-E3D329AEA25D}.Release|x86.Build.0 = Release|Win32
		{2B8CDD09-AA57-4F5F-AB1B-6595BA7D1528}.Debug|x64.ActiveCfg = Debug|x64
		{2B8CDD09-AA57-4F5F-AB1B-6595BA7D1528}.Debug|x64.Build.0 = Debug|x64
		{2B8CDD09-AA57-4F5F-AB1B-6595BA7D1528}.Debug|x86.ActiveCfg = Debug|Win32
		{2B8CDD09-AA57-4F5F-AB1B-6595BA7D1528}.Debug|x86.Build.0 = Debug|Win32
		{2B8CDD09-AA57-4F5F-AB1B-6595BA7D1528}.Release|x64.ActiveCfg = Release|x64
		{2B8CDD09-AA57-4F5F-AB1B-6595BA7D1528}.Release|x64.Build.0 = Release|x64
		{2B8CDD09-AA57-4F5F-AB1B-6595BA7D1528}.Release|x86.ActiveCfg = Release|Win32
		{2B8CDD09-AA57-4F5F-AB1B-6595BA7D1528}.Release|x86.Build.0 = Release|Win32
		{D44BC11A-922A-43B5-8641-480B82BB1815}.Debug|x64.ActiveCfg = Debug|x64
		{D44BC11A-922A-43B5-8641-480B82BB1815}.Debug|x64.Build.0 = Debug|x64
		{D44BC11A-922A-43B5-8641-480B82BB1815}.Debug|x86.ActiveCfg = Debug|Win32
		{D44BC11A-922A-43B5-8641-480B82BB1815}.Debug|x86.Build.0 = Debug|Win32
		{D44BC11A-922A-43B5-8641-480B82BB1815}.Release|x64.ActiveCfg = Release|x64
		{D44BC11A-922A-43B5-8641-480B82BB1815}.Release|x64.Build.0 = Release|x64
		{D44BC11A-922A-43B5-8641-480B82BB1815}.Release|x86.ActiveCfg = Release|Win32
		{D44BC11A-922A-43B5-8641-480B82BB1815}.Release|x86.Build.0 = Release|Win32
		{B47595DD-25C9-4B07-808A-7CCE497A61D1}.Debug|x64.ActiveCfg = Debug|x64
		{B47595DD-25C9-4B07-808A-7CCE497A61D1}.Debug|x64.Build.0 = Debug|x64
		{B47595DD-25C9-4B07-808A-7CCE497A61D1}.Debug|x86.ActiveCfg = Debug|Win32
		{B47595DD-25C9-4B07-808A-7CCE497A61D1}.Debug|x86.Build.0 = Debug|Win32
		{B47595DD-25C9-4B07-808A-7CCE497A61D1}.Release|x64.ActiveCfg = Release|x64
		{B47595DD-25C9-4B07-808A-7CCE497A61D1}.Release|x64.Build.0 = Release|x64
		{B47595DD-25C9-4B07-808A-7CCE497A61D1}.Release|x86.ActiveCfg = Release|Win32
		{B47595DD-25C9-4B07-808A-7CCE497A61D1}.Release|x86.Build.0 = Release|Win32
		{0FC8B275-7514-4117-93A1-7E9C112B4B70}.Debug|x64.ActiveCfg = Debug|x64
		{0FC8B275-7514-4117-93A1-7E9C112B4B70}.Debug|x64.Build.0 = Debug|x64
		{0FC8B275-7514-4117-93A1-7E9C112B4B70}.Debug|x86.ActiveCfg = Debug|Win32
		{0FC8B275-7514-4117-93A1-7E9C112B4B70}.Debug|x86.Build.0 = Debug|Win32
		{0FC8B275-7514-4117-93A1-7E9C112B4B70}.Release|x64.ActiveCfg = Release|x64
		{0FC8B275-7514-4117-93A1-7E9C112B4B70}.Release|x64.Build.0 = Release|x64
		{0FC8B275-7514-4117-93A1-7E9C112B4B70}.Release|x86.ActiveCfg = Release|Win32
		{0FC8B275-7514-4117-93A1-7E9C112B4B70}.Release|x86.Build.0 = Release|Win32
		{05B6310E-59BC-496A-AD4F-CCDD23C7F04D}.Debug|x64.ActiveCfg = Debug|x64
		{05B6310E-59BC-496A-AD4F-CCDD23C7F04D}.Debug|x64.Build.0 = Debug|x64
		{05B6310E-59BC-496A-AD4F-CCDD23C7F04D}.Debug|x86.ActiveCfg = Debug|Win32
		{05B6310E-59BC-496A-AD4F-CCDD23C7F04D}.Debug|x86.Build.0 = Debug|Win32
		{05B6310E-59BC-496A-AD4F-CCDD23C7F04D}.Release|x64.ActiveCfg = Release|x64
		{05B6310E-59BC-496A-AD4F-CCDD23C7F04D}.Release|x64.Build.0 = Release|x64
		{05B6310E-59BC-496A-AD4F-CCDD23C7F04D}.Release|x86.ActiveCfg = Release|Win32
		{05B6310E-59BC-496A-AD4F-CCDD23C7F04D}.Release|x86.Build.0 = Release|Win32
		{795EB3A2-9F78-4AB8-833F-2B02FBC175F9}.Debug|x64.ActiveCfg = Debug|x64
		{795EB3A2-9F78-4AB8-833F-2B02FBC175F9}.Debug|x64.Build.0 = Debug|x64
		{795EB3A2-9F78-4AB8-833F-2B02FBC175F9}.Debug|x86.ActiveCfg = Debug|Win32
		{795EB3A2-9F78-4AB8-833F-2B02FBC175F9}.Debug|x86.Build.0 = Debug|Win32
		{795EB3A2-9F78-4AB8-833F-2B02FBC175F9}.Release|x64.ActiveCfg = Release|x64
		{795EB3A2-9F78-4AB8-833F-2B02FBC175F9}.Release|x64.Build.0 = Release|x64
		{795EB3A2-9F78-4AB8-833F-2B02FBC175F9}.Release|x86.ActiveCfg = Release|Win32
		{795EB3A2-9F78-4AB8-833F-2B02FBC175F9}.Release|x86.Build.0 = Release|Win32
		{558EB959-B88F-4796-B989-C8AB8F43A1B7}.Debug|x64.ActiveCfg = Debug|x64
		{558EB959-B88F-4796-B989-C8AB8F43A1B7}.Debug|x64.Build.0 = Debug|x64
		{558EB959-B88F-4796-B989-C8AB8F43A1B7}.Debug|x86.ActiveCfg = Debug|Win32
		{558EB959-B88F-4796-B989-C8AB8F43A1B7}.Debug|x86.Build.0 = Debug|Win32
		{558EB959-B88F-4796-B989-C8AB8F43A1B7}.Release|x64.ActiveCfg = Release|x64
		{558EB959-B88F-4796-B989-C8AB8F43A1B7}.Release|x64.Build.0 = Release|x64
		{558EB959-B88F-4796-B989-C8AB8F43A1B7}.Release|x86.ActiveCfg = Release|Win32
		{558EB959-B88F-4796-B989-C8AB8F43A1B7}.Release|x86.Build.0 = Release|Win32
		{F7D1709F-E611-4C47-B878-3DF3C65FB974}.Debug|x64.ActiveCfg = Debug|x64
		{F7D1709F-E611-4C47-B878-3DF3C65FB974}.Debug|x64.Build.0 = Debug|x64
		{F7D1709F-E611-4C47-B878-3DF3C65FB974}.Debug|x86.ActiveCfg = Debug|Win32
		{F7D1709F-E611-4C47-B878-3DF3C65FB974}.Debug|x86.Build.0 = Debug|Win32
		{F7D1709F-E611-4C47-B878-3DF3C65FB974}.Release|x64.ActiveCfg = Release|x64
		{F7D1709F-E611-4C47-B878-3DF3C65FB974}.Release|x64.Build.0 = Release|x64
		{F7D1709F-E611-4C47-B878-3DF3C65FB974}.Release|x86.ActiveCfg = Release|Win32
		{F7D1709F-E611-4C47-B878-3DF3C65FB974}.Release|x86.Build.0 = Release|Win32
		{C48F348A-3E71-4CD3-A8A9-BD3A904728D8}.Debug|x64.ActiveCfg = Debug|x64
		{C48F348A-3E71-4CD3-A8A9-BD3A904728D8}.Debug|x64.Build.0 = Debug|x64
		{C48F348A-3E71-4CD3-A8A9-BD3A904728D8}.Debug|x86.ActiveCfg = Debug|Win32
		{C48F348A-3E71-4CD3-A8A9-BD3A904728D8}.Debug|x86.Build.0 = Debug|Win32
		{C48F348A-3E71-4CD3-A8A9-BD3A904728D8}.Release|x64.ActiveCfg = Release|x64
		{C48F348A-3E71-4CD3-A8A9-BD3A904728D8}.Release|x64.Build.0 = Release|x64
		{C48F348A-3E71-4CD3-A8A9-BD3A904728D8}.Release|x86.ActiveCfg = Release|Win32
		{C48F348A-3E71-4CD3-A8A9-BD3A904728D8}.Release|x86.Build.0 = Release|Win32
	EndGlobalSection
	GlobalSection(SolutionProperties) = preSolution
		HideSolutionNode = FALSE
	EndGlobalSection
	GlobalSection(NestedProjects) = preSolution
		{CADB2DA2-56FD-47F9-817B-AAFA42378DD9} = {AE19A2A9-CE9A-48F1-BA90-228F9FF05D56}
		{587F5443-B048-4A7A-B773-FE5B6BA0728A} = {52754269-DCB3-4047-9B64-F9AE32323F4C}
		{0EEC40C7-807A-4D99-99A6-E3D329AEA25D} = {AE19A2A9-CE9A-48F1-BA90-228F9FF05D56}
		{2B8CDD09-AA57-4F5F-AB1B-6595BA7D1528} = {52754269-DCB3-4047-9B64-F9AE32323F4C}
		{D44BC11A-922A-43B5-8641-480B82BB1815} = {AE19A2A9-CE9A-48F1-BA90-228F9FF05D56}
		{AE19A2A9-CE9A-48F1-BA90-228F9FF05D56} = {EEE2A187-F607-48A8-8AA1-C221DA587F80}
		{767DEA47-B5AF-4589-8E6E-BB0492574F68} = {EEE2A187-F607-48A8-8AA1-C221DA587F80}
		{B47595DD-25C9-4B07-808A-7CCE497A61D1} = {767DEA47-B5AF-4589-8E6E-BB0492574F68}
		{52754269-DCB3-4047-9B64-F9AE32323F4C} = {EEE2A187-F607-48A8-8AA1-C221DA587F80}
		{45666204-0F3C-4716-8A81-62A818974313} = {EEE2A187-F607-48A8-8AA1-C221DA587F80}
		{0FC8B275-7514-4117-93A1-7E9C112B4B70} = {52754269-DCB3-4047-9B64-F9AE32323F4C}
		{05B6310E-59BC-496A-AD4F-CCDD23C7F04D} = {AE19A2A9-CE9A-48F1-BA90-228F9FF05D56}
		{795EB3A2-9F78-4AB8-833F-2B02FBC175F9} = {52754269-DCB3-4047-9B64-F9AE32323F4C}
		{558EB959-B88F-4796-B989-C8AB8F43A1B7} = {DF3B9BCA-178A-4E1A-9D5F-2F859354E8BB}
		{F7D1709F-E611-4C47-B878-3DF3C65FB974} = {B11F4D88-122B-4018-B091-9BA0B1CE690E}
		{C48F348A-3E71-4CD3-A8A9-BD3A904728D8} = {B11F4D88-122B-4018-B091-9BA0B1CE690E}
	EndGlobalSection
	GlobalSection(ExtensibilityGlobals) = postSolution
		SolutionGuid = {6AB0EB42-EF7B-4605-9661-1D6F63E9F033}
	EndGlobalSection
EndGlobal
