
Microsoft Visual Studio Solution File, Format Version 12.00
# Visual Studio Version 17
VisualStudioVersion = 17.1.32407.343
MinimumVisualStudioVersion = 10.0.40219.1
Project("{2150E333-8FDC-42A3-9474-1A3956D46DE8}") = "Runtime", "Runtime", "{EEE2A187-F607-48A8-8AA1-C221DA587F80}"
EndProject
Project("{8BC9CEB8-8B4A-11D0-8D11-00A0C91BC942}") = "Core", "Engine\Source\Runtime\Core\Core.vcxproj", "{CADB2DA2-56FD-47F9-817B-AAFA42378DD9}"
EndProject
Project("{8BC9CEB8-8B4A-11D0-8D11-00A0C91BC942}") = "Sandbox", "Sandbox\Sandbox.vcxproj", "{0BB037BD-EEA6-446A-A11A-B29E5C0619B7}"
EndProject
Project("{8BC9CEB8-8B4A-11D0-8D11-00A0C91BC942}") = "GFX", "Engine\Source\Runtime\GFX\GFX.vcxproj", "{587F5443-B048-4A7A-B773-FE5B6BA0728A}"
EndProject
Project("{8BC9CEB8-8B4A-11D0-8D11-00A0C91BC942}") = "Math", "Engine\Source\Runtime\Math\Math.vcxproj", "{0EEC40C7-807A-4D99-99A6-E3D329AEA25D}"
EndProject
Project("{8BC9CEB8-8B4A-11D0-8D11-00A0C91BC942}") = "Tracer", "Engine\Source\Runtime\Tracer\Tracer.vcxproj", "{2B8CDD09-AA57-4F5F-AB1B-6595BA7D1528}"
EndProject
Project("{8BC9CEB8-8B4A-11D0-8D11-00A0C91BC942}") = "Parallelism", "Engine\Source\Runtime\Parallelism\Parallelism.vcxproj", "{D44BC11A-922A-43B5-8641-480B82BB1815}"
EndProject
Project("{2150E333-8FDC-42A3-9474-1A3956D46DE8}") = "ModulesCore", "ModulesCore", "{AE19A2A9-CE9A-48F1-BA90-228F9FF05D56}"
EndProject
Project("{2150E333-8FDC-42A3-9474-1A3956D46DE8}") = "ModulesApplication", "ModulesApplication", "{767DEA47-B5AF-4589-8E6E-BB0492574F68}"
EndProject
Project("{8BC9CEB8-8B4A-11D0-8D11-00A0C91BC942}") = "Application", "Engine\Source\Runtime\Application\Application.vcxproj", "{B47595DD-25C9-4B07-808A-7CCE497A61D1}"
EndProject
Project("{2150E333-8FDC-42A3-9474-1A3956D46DE8}") = "ModulesGraphics", "ModulesGraphics", "{52754269-DCB3-4047-9B64-F9AE32323F4C}"
EndProject
Project("{8BC9CEB8-8B4A-11D0-8D11-00A0C91BC942}") = "Image", "Engine\Source\Runtime\Image\Image.vcxproj", "{0FC8B275-7514-4117-93A1-7E9C112B4B70}"
EndProject
Project("{8BC9CEB8-8B4A-11D0-8D11-00A0C91BC942}") = "Platform", "Engine\Source\Runtime\Platform\Platform.vcxproj", "{05B6310E-59BC-496A-AD4F-CCDD23C7F04D}"
EndProject
Project("{8BC9CEB8-8B4A-11D0-8D11-00A0C91BC942}") = "RHI", "Engine\Source\Runtime\RHI\RHI.vcxproj", "{795EB3A2-9F78-4AB8-833F-2B02FBC175F9}"
EndProject
Project("{2150E333-8FDC-42A3-9474-1A3956D46DE8}") = "Dependency", "Dependency", "{DF3B9BCA-178A-4E1A-9D5F-2F859354E8BB}"
EndProject
Project("{8BC9CEB8-8B4A-11D0-8D11-00A0C91BC942}") = "imgui", "Engine\Source\ThirdParty\imgui\imgui.vcxproj", "{558EB959-B88F-4796-B989-C8AB8F43A1B7}"
EndProject
Project("{2150E333-8FDC-42A3-9474-1A3956D46DE8}") = "Editor", "Editor", "{B11F4D88-122B-4018-B091-9BA0B1CE690E}"
EndProject
Project("{8BC9CEB8-8B4A-11D0-8D11-00A0C91BC942}") = "EditorCore", "Engine\Source\Editor\EditorCore\EditorCore.vcxproj", "{F7D1709F-E611-4C47-B878-3DF3C65FB974}"
EndProject
Project("{8BC9CEB8-8B4A-11D0-8D11-00A0C91BC942}") = "EditorGFX", "Engine\Source\Editor\EditorGFX\EditorGFX.vcxproj", "{7984C6EA-A159-46EB-8645-875C00F2DBA5}"
EndProject
Project("{8BC9CEB8-8B4A-11D0-8D11-00A0C91BC942}") = "Editor", "Engine\Source\Editor\Editor\Editor.vcxproj", "{5C249B31-DAFC-4968-A25A-537DFE0524D7}"
EndProject
Project("{8BC9CEB8-8B4A-11D0-8D11-00A0C91BC942}") = "SRenderer", "Engine\Source\Runtime\SRenderer\SRenderer.vcxproj", "{D136E01F-5C94-40FD-B7FD-0583FF49334E}"
EndProject
Project("{8BC9CEB8-8B4A-11D0-8D11-00A0C91BC942}") = "RDG", "Engine\Source\Runtime\RDG\RDG.vcxproj", "{501F34A2-41BD-4398-BEEE-3398633AC471}"
EndProject
Project("{8BC9CEB8-8B4A-11D0-8D11-00A0C91BC942}") = "EditorRDG", "Engine\Source\Editor\EditorRDG\EditorRDG.vcxproj", "{ADA03319-6A25-448B-8828-E52873CD92D6}"
EndProject
Project("{8BC9CEB8-8B4A-11D0-8D11-00A0C91BC942}") = "Video", "Engine\Source\Runtime\Video\Video.vcxproj", "{7AB5337F-8A6C-49D1-BE95-D167E1E4DBF4}"
EndProject
Project("{8BC9CEB8-8B4A-11D0-8D11-00A0C91BC942}") = "openfbx", "Engine\Source\ThirdParty\openfbx\openfbx.vcxproj", "{B875CA97-DAE0-4CA4-921F-D4EBE04875D5}"
EndProject
Project("{8BC9CEB8-8B4A-11D0-8D11-00A0C91BC942}") = "yaml", "Engine\Source\ThirdParty\yaml\yaml.vcxproj", "{50237CF2-0A0C-4C57-8A09-9EB617F025D6}"
EndProject
Project("{8BC9CEB8-8B4A-11D0-8D11-00A0C91BC942}") = "APITest", "APITest\APITest.vcxproj", "{1A0C1EAB-1AA1-4CEB-9732-9EF392F4DC86}"
EndProject
Project("{8BC9CEB8-8B4A-11D0-8D11-00A0C91BC942}") = "Prelude", "Engine\Source\Runtime\Prelude\Prelude.vcxproj", "{FD3F74DF-EFDF-4ECC-BCEB-0E423DF4BA2F}"
EndProject
Project("{8BC9CEB8-8B4A-11D0-8D11-00A0C91BC942}") = "imguizmo", "Engine\Source\ThirdParty\imguizmo\imguizmo.vcxproj", "{3A2E65EA-6A56-4557-9909-2E62C4244782}"
EndProject
Project("{2150E333-8FDC-42A3-9474-1A3956D46DE8}") = "Demo", "Demo", "{0AEF5629-DEF4-4C9F-992A-AB8E0E401B54}"
EndProject
Project("{8BC9CEB8-8B4A-11D0-8D11-00A0C91BC942}") = "Elastic", "Demo\Elastic\Elastic.vcxproj", "{375F63BB-74B0-4D67-8AD1-2E2A0E39A89F}"
EndProject
Project("{8BC9CEB8-8B4A-11D0-8D11-00A0C91BC942}") = "PhysicS", "Engine\Source\Runtime\PhysicS\PhysicS.vcxproj", "{4DB202A0-5047-49BE-962C-120EFA8A5193}"
EndProject
Project("{8BC9CEB8-8B4A-11D0-8D11-00A0C91BC942}") = "FLIP", "Demo\FLIP\FLIP.vcxproj", "{662BA65F-A21D-4AAE-BAD2-8A43C63856A6}"
EndProject
Project("{8BC9CEB8-8B4A-11D0-8D11-00A0C91BC942}") = "MeSh", "Engine\Source\Runtime\MeSh\MeSh.vcxproj", "{310B49D9-E2C3-4BD7-9283-70A9A6DB9BE6}"
EndProject
Project("{8BC9CEB8-8B4A-11D0-8D11-00A0C91BC942}") = "APPART", "Demo\APPART\APPART.vcxproj", "{13584996-D2F2-4CC7-860F-FB427E05E5AC}"
EndProject
Project("{2150E333-8FDC-42A3-9474-1A3956D46DE8}") = "Addon", "Addon", "{86CA3D9A-8C9C-4818-A36B-3AF7E11F2311}"
EndProject
Project("{8BC9CEB8-8B4A-11D0-8D11-00A0C91BC942}") = "DDGI", "Engine\Source\Addon\DDGI\DDGI.vcxproj", "{4054A6F0-9235-4D9D-BFEC-A7488FC93698}"
EndProject
Project("{8BC9CEB8-8B4A-11D0-8D11-00A0C91BC942}") = "GBuffer", "Engine\Source\Addon\GBuffer\GBuffer.vcxproj", "{C2E0D5FE-63AA-4273-81FC-EA3A179B0123}"
EndProject
Project("{8BC9CEB8-8B4A-11D0-8D11-00A0C91BC942}") = "BitonicSort", "Engine\Source\Addon\BitonicSort\BitonicSort.vcxproj", "{A5C913B3-A9ED-4E1A-9103-617551A0F695}"
EndProject
Project("{8BC9CEB8-8B4A-11D0-8D11-00A0C91BC942}") = "RadixSort", "Engine\Source\Addon\RadixSort\RadixSort.vcxproj", "{5577288C-6BD4-4131-ABBC-BB361B4BC7B6}"
EndProject
Project("{8BC9CEB8-8B4A-11D0-8D11-00A0C91BC942}") = "SemiNeeGuiding", "Engine\Source\Addon\SemiNeeGuiding\SemiNeeGuiding.vcxproj", "{C23732C9-165F-421F-AC35-5949A615CF5B}"
EndProject
Project("{8BC9CEB8-8B4A-11D0-8D11-00A0C91BC942}") = "VXGI", "Engine\Source\Addon\VXGI\VXGI.vcxproj", "{CEB92106-68D4-4ADF-A38F-1161497F997E}"
EndProject
Project("{8BC9CEB8-8B4A-11D0-8D11-00A0C91BC942}") = "VXGuiding", "Engine\Source\Addon\VXGuiding\VXGuiding.vcxproj", "{5685894D-CBED-4E32-80CB-14329C9BDDAB}"
EndProject
Project("{8BC9CEB8-8B4A-11D0-8D11-00A0C91BC942}") = "LTC", "Engine\Source\Addon\LTC\LTC.vcxproj", "{F2A08FA9-2938-4631-8197-C3FA73651F64}"
EndProject
Project("{8BC9CEB8-8B4A-11D0-8D11-00A0C91BC942}") = "SLC", "Engine\Source\Addon\SLC\SLC.vcxproj", "{75A4E742-03ED-4E88-8934-5F9439FE8F8B}"
EndProject
Project("{8BC9CEB8-8B4A-11D0-8D11-00A0C91BC942}") = "VPL", "Engine\Source\Addon\VPL\VPL.vcxproj", "{494F5979-96FB-4A84-807B-6C8F77767E07}"
EndProject
Project("{8BC9CEB8-8B4A-11D0-8D11-00A0C91BC942}") = "VBuffer", "Engine\Source\Addon\VBuffer\VBuffer.vcxproj", "{C53C9F97-6AAC-4E1B-A5B9-DA2F3586D74B}"
EndProject
Project("{8BC9CEB8-8B4A-11D0-8D11-00A0C91BC942}") = "PostProcess", "Engine\Source\Addon\PostProcess\PostProcess.vcxproj", "{A34C45CD-BEB9-484C-93FA-E9F06BAB7DF1}"
EndProject
Project("{8BC9CEB8-8B4A-11D0-8D11-00A0C91BC942}") = "gSLICr", "Engine\Source\Addon\gSLICr\gSLICr.vcxproj", "{DE4620F7-0357-4EB8-8242-B1A1B0C27E67}"
EndProject
Project("{8BC9CEB8-8B4A-11D0-8D11-00A0C91BC942}") = "tinyparser-mitsuba", "Engine\Source\ThirdParty\tinyparser-mitsuba\tinyparser-mitsuba.vcxproj", "{BE693B65-DE2B-4D6A-B9A7-446F0B3FE688}"
EndProject
Project("{8BC9CEB8-8B4A-11D0-8D11-00A0C91BC942}") = "tinyxml2", "Engine\Source\ThirdParty\tinyxml2\tinyxml2.vcxproj", "{1390D93D-2ECD-4C95-8A17-B13A441CB503}"
EndProject
Project("{8BC9CEB8-8B4A-11D0-8D11-00A0C91BC942}") = "PathGuiding", "Engine\Source\Addon\SSGuiding\SSGuiding.vcxproj", "{78B68D1C-1CBA-439A-A998-1D92AD9E5F3E}"
EndProject
Project("{8BC9CEB8-8B4A-11D0-8D11-00A0C91BC942}") = "openexr", "Engine\Source\ThirdParty\openexr\openexr.vcxproj", "{E0D0AA6F-FFD0-4CD6-973D-B1A9E5B96F1E}"
EndProject
Project("{8BC9CEB8-8B4A-11D0-8D11-00A0C91BC942}") = "ASVGF", "Engine\Source\Addon\ASVGF\ASVGF.vcxproj", "{EC1681F6-AC69-4E3E-B736-327AC82DD60C}"
EndProject
Project("{8BC9CEB8-8B4A-11D0-8D11-00A0C91BC942}") = "RestirGI", "Engine\Source\Addon\RestirGI\RestirGI.vcxproj", "{C7E55F80-12CF-4E1C-B397-60C6C4A4997D}"
EndProject
Project("{8BC9CEB8-8B4A-11D0-8D11-00A0C91BC942}") = "SST", "Engine\Source\Addon\SST\SST.vcxproj", "{B8B9F3C3-59AB-4775-9755-A87D9A7D9737}"
EndProject
Project("{8BC9CEB8-8B4A-11D0-8D11-00A0C91BC942}") = "Addon-Differentiable", "Engine\Source\Addon\Differentiable\Differentiable.vcxproj", "{FBE7DBB9-772A-4553-AB10-C16FF1F3AD33}"
EndProject
Project("{8BC9CEB8-8B4A-11D0-8D11-00A0C91BC942}") = "cnpy", "Engine\Source\ThirdParty\cnpy\cnpy.vcxproj", "{4344CDFA-87B3-467E-958A-9E2B40E463DE}"
EndProject
Project("{8BC9CEB8-8B4A-11D0-8D11-00A0C91BC942}") = "Lightmap", "Engine\Source\Addon\Lightmap\Lightmap.vcxproj", "{2AB1A5A6-C194-4ADE-A634-8DD766C6D07A}"
EndProject
Project("{8BC9CEB8-8B4A-11D0-8D11-00A0C91BC942}") = "xatlas", "Engine\Source\ThirdParty\xatlas\xatlas.vcxproj", "{9EA29605-4B24-497E-8E27-E9B9EC8B3983}"
EndProject
Project("{8BC9CEB8-8B4A-11D0-8D11-00A0C91BC942}") = "RadixForest", "Engine\Source\Addon\RadixForest\RadixForest.vcxproj", "{C95A1249-845B-43FF-BC6A-90B69DCE45C3}"
EndProject
Project("{8BC9CEB8-8B4A-11D0-8D11-00A0C91BC942}") = "PathSpaceFiltering", "Engine\Source\Addon\PathSpaceFiltering\PathSpaceFiltering.vcxproj", "{6F2A2727-5CCB-4CE1-B054-3ED57D489FD9}"
EndProject
Global
	GlobalSection(SolutionConfigurationPlatforms) = preSolution
		Debug|x64 = Debug|x64
		Debug|x86 = Debug|x86
		Release|x64 = Release|x64
		Release|x86 = Release|x86
	EndGlobalSection
	GlobalSection(ProjectConfigurationPlatforms) = postSolution
		{CADB2DA2-56FD-47F9-817B-AAFA42378DD9}.Debug|x64.ActiveCfg = Debug|x64
		{CADB2DA2-56FD-47F9-817B-AAFA42378DD9}.Debug|x64.Build.0 = Debug|x64
		{CADB2DA2-56FD-47F9-817B-AAFA42378DD9}.Debug|x86.ActiveCfg = Debug|Win32
		{CADB2DA2-56FD-47F9-817B-AAFA42378DD9}.Debug|x86.Build.0 = Debug|Win32
		{CADB2DA2-56FD-47F9-817B-AAFA42378DD9}.Release|x64.ActiveCfg = Release|x64
		{CADB2DA2-56FD-47F9-817B-AAFA42378DD9}.Release|x64.Build.0 = Release|x64
		{CADB2DA2-56FD-47F9-817B-AAFA42378DD9}.Release|x86.ActiveCfg = Release|Win32
		{CADB2DA2-56FD-47F9-817B-AAFA42378DD9}.Release|x86.Build.0 = Release|Win32
		{0BB037BD-EEA6-446A-A11A-B29E5C0619B7}.Debug|x64.ActiveCfg = Debug|x64
		{0BB037BD-EEA6-446A-A11A-B29E5C0619B7}.Debug|x64.Build.0 = Debug|x64
		{0BB037BD-EEA6-446A-A11A-B29E5C0619B7}.Debug|x86.ActiveCfg = Debug|Win32
		{0BB037BD-EEA6-446A-A11A-B29E5C0619B7}.Debug|x86.Build.0 = Debug|Win32
		{0BB037BD-EEA6-446A-A11A-B29E5C0619B7}.Release|x64.ActiveCfg = Release|x64
		{0BB037BD-EEA6-446A-A11A-B29E5C0619B7}.Release|x64.Build.0 = Release|x64
		{0BB037BD-EEA6-446A-A11A-B29E5C0619B7}.Release|x86.ActiveCfg = Release|Win32
		{0BB037BD-EEA6-446A-A11A-B29E5C0619B7}.Release|x86.Build.0 = Release|Win32
		{587F5443-B048-4A7A-B773-FE5B6BA0728A}.Debug|x64.ActiveCfg = Debug|x64
		{587F5443-B048-4A7A-B773-FE5B6BA0728A}.Debug|x64.Build.0 = Debug|x64
		{587F5443-B048-4A7A-B773-FE5B6BA0728A}.Debug|x86.ActiveCfg = Debug|Win32
		{587F5443-B048-4A7A-B773-FE5B6BA0728A}.Debug|x86.Build.0 = Debug|Win32
		{587F5443-B048-4A7A-B773-FE5B6BA0728A}.Release|x64.ActiveCfg = Release|x64
		{587F5443-B048-4A7A-B773-FE5B6BA0728A}.Release|x64.Build.0 = Release|x64
		{587F5443-B048-4A7A-B773-FE5B6BA0728A}.Release|x86.ActiveCfg = Release|Win32
		{587F5443-B048-4A7A-B773-FE5B6BA0728A}.Release|x86.Build.0 = Release|Win32
		{0EEC40C7-807A-4D99-99A6-E3D329AEA25D}.Debug|x64.ActiveCfg = Debug|x64
		{0EEC40C7-807A-4D99-99A6-E3D329AEA25D}.Debug|x64.Build.0 = Debug|x64
		{0EEC40C7-807A-4D99-99A6-E3D329AEA25D}.Debug|x86.ActiveCfg = Debug|Win32
		{0EEC40C7-807A-4D99-99A6-E3D329AEA25D}.Debug|x86.Build.0 = Debug|Win32
		{0EEC40C7-807A-4D99-99A6-E3D329AEA25D}.Release|x64.ActiveCfg = Release|x64
		{0EEC40C7-807A-4D99-99A6-E3D329AEA25D}.Release|x64.Build.0 = Release|x64
		{0EEC40C7-807A-4D99-99A6-E3D329AEA25D}.Release|x86.ActiveCfg = Release|Win32
		{0EEC40C7-807A-4D99-99A6-E3D329AEA25D}.Release|x86.Build.0 = Release|Win32
		{2B8CDD09-AA57-4F5F-AB1B-6595BA7D1528}.Debug|x64.ActiveCfg = Debug|x64
		{2B8CDD09-AA57-4F5F-AB1B-6595BA7D1528}.Debug|x64.Build.0 = Debug|x64
		{2B8CDD09-AA57-4F5F-AB1B-6595BA7D1528}.Debug|x86.ActiveCfg = Debug|Win32
		{2B8CDD09-AA57-4F5F-AB1B-6595BA7D1528}.Debug|x86.Build.0 = Debug|Win32
		{2B8CDD09-AA57-4F5F-AB1B-6595BA7D1528}.Release|x64.ActiveCfg = Release|x64
		{2B8CDD09-AA57-4F5F-AB1B-6595BA7D1528}.Release|x64.Build.0 = Release|x64
		{2B8CDD09-AA57-4F5F-AB1B-6595BA7D1528}.Release|x86.ActiveCfg = Release|Win32
		{2B8CDD09-AA57-4F5F-AB1B-6595BA7D1528}.Release|x86.Build.0 = Release|Win32
		{D44BC11A-922A-43B5-8641-480B82BB1815}.Debug|x64.ActiveCfg = Debug|x64
		{D44BC11A-922A-43B5-8641-480B82BB1815}.Debug|x64.Build.0 = Debug|x64
		{D44BC11A-922A-43B5-8641-480B82BB1815}.Debug|x86.ActiveCfg = Debug|Win32
		{D44BC11A-922A-43B5-8641-480B82BB1815}.Debug|x86.Build.0 = Debug|Win32
		{D44BC11A-922A-43B5-8641-480B82BB1815}.Release|x64.ActiveCfg = Release|x64
		{D44BC11A-922A-43B5-8641-480B82BB1815}.Release|x64.Build.0 = Release|x64
		{D44BC11A-922A-43B5-8641-480B82BB1815}.Release|x86.ActiveCfg = Release|Win32
		{D44BC11A-922A-43B5-8641-480B82BB1815}.Release|x86.Build.0 = Release|Win32
		{B47595DD-25C9-4B07-808A-7CCE497A61D1}.Debug|x64.ActiveCfg = Debug|x64
		{B47595DD-25C9-4B07-808A-7CCE497A61D1}.Debug|x64.Build.0 = Debug|x64
		{B47595DD-25C9-4B07-808A-7CCE497A61D1}.Debug|x86.ActiveCfg = Debug|Win32
		{B47595DD-25C9-4B07-808A-7CCE497A61D1}.Debug|x86.Build.0 = Debug|Win32
		{B47595DD-25C9-4B07-808A-7CCE497A61D1}.Release|x64.ActiveCfg = Release|x64
		{B47595DD-25C9-4B07-808A-7CCE497A61D1}.Release|x64.Build.0 = Release|x64
		{B47595DD-25C9-4B07-808A-7CCE497A61D1}.Release|x86.ActiveCfg = Release|Win32
		{B47595DD-25C9-4B07-808A-7CCE497A61D1}.Release|x86.Build.0 = Release|Win32
		{0FC8B275-7514-4117-93A1-7E9C112B4B70}.Debug|x64.ActiveCfg = Debug|x64
		{0FC8B275-7514-4117-93A1-7E9C112B4B70}.Debug|x64.Build.0 = Debug|x64
		{0FC8B275-7514-4117-93A1-7E9C112B4B70}.Debug|x86.ActiveCfg = Debug|Win32
		{0FC8B275-7514-4117-93A1-7E9C112B4B70}.Debug|x86.Build.0 = Debug|Win32
		{0FC8B275-7514-4117-93A1-7E9C112B4B70}.Release|x64.ActiveCfg = Release|x64
		{0FC8B275-7514-4117-93A1-7E9C112B4B70}.Release|x64.Build.0 = Release|x64
		{0FC8B275-7514-4117-93A1-7E9C112B4B70}.Release|x86.ActiveCfg = Release|Win32
		{0FC8B275-7514-4117-93A1-7E9C112B4B70}.Release|x86.Build.0 = Release|Win32
		{05B6310E-59BC-496A-AD4F-CCDD23C7F04D}.Debug|x64.ActiveCfg = Debug|x64
		{05B6310E-59BC-496A-AD4F-CCDD23C7F04D}.Debug|x64.Build.0 = Debug|x64
		{05B6310E-59BC-496A-AD4F-CCDD23C7F04D}.Debug|x86.ActiveCfg = Debug|Win32
		{05B6310E-59BC-496A-AD4F-CCDD23C7F04D}.Debug|x86.Build.0 = Debug|Win32
		{05B6310E-59BC-496A-AD4F-CCDD23C7F04D}.Release|x64.ActiveCfg = Release|x64
		{05B6310E-59BC-496A-AD4F-CCDD23C7F04D}.Release|x64.Build.0 = Release|x64
		{05B6310E-59BC-496A-AD4F-CCDD23C7F04D}.Release|x86.ActiveCfg = Release|Win32
		{05B6310E-59BC-496A-AD4F-CCDD23C7F04D}.Release|x86.Build.0 = Release|Win32
		{795EB3A2-9F78-4AB8-833F-2B02FBC175F9}.Debug|x64.ActiveCfg = Debug|x64
		{795EB3A2-9F78-4AB8-833F-2B02FBC175F9}.Debug|x64.Build.0 = Debug|x64
		{795EB3A2-9F78-4AB8-833F-2B02FBC175F9}.Debug|x86.ActiveCfg = Debug|Win32
		{795EB3A2-9F78-4AB8-833F-2B02FBC175F9}.Debug|x86.Build.0 = Debug|Win32
		{795EB3A2-9F78-4AB8-833F-2B02FBC175F9}.Release|x64.ActiveCfg = Release|x64
		{795EB3A2-9F78-4AB8-833F-2B02FBC175F9}.Release|x64.Build.0 = Release|x64
		{795EB3A2-9F78-4AB8-833F-2B02FBC175F9}.Release|x86.ActiveCfg = Release|Win32
		{795EB3A2-9F78-4AB8-833F-2B02FBC175F9}.Release|x86.Build.0 = Release|Win32
		{558EB959-B88F-4796-B989-C8AB8F43A1B7}.Debug|x64.ActiveCfg = Debug|x64
		{558EB959-B88F-4796-B989-C8AB8F43A1B7}.Debug|x64.Build.0 = Debug|x64
		{558EB959-B88F-4796-B989-C8AB8F43A1B7}.Debug|x86.ActiveCfg = Debug|Win32
		{558EB959-B88F-4796-B989-C8AB8F43A1B7}.Debug|x86.Build.0 = Debug|Win32
		{558EB959-B88F-4796-B989-C8AB8F43A1B7}.Release|x64.ActiveCfg = Release|x64
		{558EB959-B88F-4796-B989-C8AB8F43A1B7}.Release|x64.Build.0 = Release|x64
		{558EB959-B88F-4796-B989-C8AB8F43A1B7}.Release|x86.ActiveCfg = Release|Win32
		{558EB959-B88F-4796-B989-C8AB8F43A1B7}.Release|x86.Build.0 = Release|Win32
		{F7D1709F-E611-4C47-B878-3DF3C65FB974}.Debug|x64.ActiveCfg = Debug|x64
		{F7D1709F-E611-4C47-B878-3DF3C65FB974}.Debug|x64.Build.0 = Debug|x64
		{F7D1709F-E611-4C47-B878-3DF3C65FB974}.Debug|x86.ActiveCfg = Debug|Win32
		{F7D1709F-E611-4C47-B878-3DF3C65FB974}.Debug|x86.Build.0 = Debug|Win32
		{F7D1709F-E611-4C47-B878-3DF3C65FB974}.Release|x64.ActiveCfg = Release|x64
		{F7D1709F-E611-4C47-B878-3DF3C65FB974}.Release|x64.Build.0 = Release|x64
		{F7D1709F-E611-4C47-B878-3DF3C65FB974}.Release|x86.ActiveCfg = Release|Win32
		{F7D1709F-E611-4C47-B878-3DF3C65FB974}.Release|x86.Build.0 = Release|Win32
		{7984C6EA-A159-46EB-8645-875C00F2DBA5}.Debug|x64.ActiveCfg = Debug|x64
		{7984C6EA-A159-46EB-8645-875C00F2DBA5}.Debug|x64.Build.0 = Debug|x64
		{7984C6EA-A159-46EB-8645-875C00F2DBA5}.Debug|x86.ActiveCfg = Debug|Win32
		{7984C6EA-A159-46EB-8645-875C00F2DBA5}.Debug|x86.Build.0 = Debug|Win32
		{7984C6EA-A159-46EB-8645-875C00F2DBA5}.Release|x64.ActiveCfg = Release|x64
		{7984C6EA-A159-46EB-8645-875C00F2DBA5}.Release|x64.Build.0 = Release|x64
		{7984C6EA-A159-46EB-8645-875C00F2DBA5}.Release|x86.ActiveCfg = Release|Win32
		{7984C6EA-A159-46EB-8645-875C00F2DBA5}.Release|x86.Build.0 = Release|Win32
		{5C249B31-DAFC-4968-A25A-537DFE0524D7}.Debug|x64.ActiveCfg = Debug|x64
		{5C249B31-DAFC-4968-A25A-537DFE0524D7}.Debug|x64.Build.0 = Debug|x64
		{5C249B31-DAFC-4968-A25A-537DFE0524D7}.Debug|x86.ActiveCfg = Debug|Win32
		{5C249B31-DAFC-4968-A25A-537DFE0524D7}.Debug|x86.Build.0 = Debug|Win32
		{5C249B31-DAFC-4968-A25A-537DFE0524D7}.Release|x64.ActiveCfg = Release|x64
		{5C249B31-DAFC-4968-A25A-537DFE0524D7}.Release|x64.Build.0 = Release|x64
		{5C249B31-DAFC-4968-A25A-537DFE0524D7}.Release|x86.ActiveCfg = Release|Win32
		{5C249B31-DAFC-4968-A25A-537DFE0524D7}.Release|x86.Build.0 = Release|Win32
		{D136E01F-5C94-40FD-B7FD-0583FF49334E}.Debug|x64.ActiveCfg = Debug|x64
		{D136E01F-5C94-40FD-B7FD-0583FF49334E}.Debug|x64.Build.0 = Debug|x64
		{D136E01F-5C94-40FD-B7FD-0583FF49334E}.Debug|x86.ActiveCfg = Debug|Win32
		{D136E01F-5C94-40FD-B7FD-0583FF49334E}.Debug|x86.Build.0 = Debug|Win32
		{D136E01F-5C94-40FD-B7FD-0583FF49334E}.Release|x64.ActiveCfg = Release|x64
		{D136E01F-5C94-40FD-B7FD-0583FF49334E}.Release|x64.Build.0 = Release|x64
		{D136E01F-5C94-40FD-B7FD-0583FF49334E}.Release|x86.ActiveCfg = Release|Win32
		{D136E01F-5C94-40FD-B7FD-0583FF49334E}.Release|x86.Build.0 = Release|Win32
		{501F34A2-41BD-4398-BEEE-3398633AC471}.Debug|x64.ActiveCfg = Debug|x64
		{501F34A2-41BD-4398-BEEE-3398633AC471}.Debug|x64.Build.0 = Debug|x64
		{501F34A2-41BD-4398-BEEE-3398633AC471}.Debug|x86.ActiveCfg = Debug|Win32
		{501F34A2-41BD-4398-BEEE-3398633AC471}.Debug|x86.Build.0 = Debug|Win32
		{501F34A2-41BD-4398-BEEE-3398633AC471}.Release|x64.ActiveCfg = Release|x64
		{501F34A2-41BD-4398-BEEE-3398633AC471}.Release|x64.Build.0 = Release|x64
		{501F34A2-41BD-4398-BEEE-3398633AC471}.Release|x86.ActiveCfg = Release|Win32
		{501F34A2-41BD-4398-BEEE-3398633AC471}.Release|x86.Build.0 = Release|Win32
		{ADA03319-6A25-448B-8828-E52873CD92D6}.Debug|x64.ActiveCfg = Debug|x64
		{ADA03319-6A25-448B-8828-E52873CD92D6}.Debug|x64.Build.0 = Debug|x64
		{ADA03319-6A25-448B-8828-E52873CD92D6}.Debug|x86.ActiveCfg = Debug|Win32
		{ADA03319-6A25-448B-8828-E52873CD92D6}.Debug|x86.Build.0 = Debug|Win32
		{ADA03319-6A25-448B-8828-E52873CD92D6}.Release|x64.ActiveCfg = Release|x64
		{ADA03319-6A25-448B-8828-E52873CD92D6}.Release|x64.Build.0 = Release|x64
		{ADA03319-6A25-448B-8828-E52873CD92D6}.Release|x86.ActiveCfg = Release|Win32
		{ADA03319-6A25-448B-8828-E52873CD92D6}.Release|x86.Build.0 = Release|Win32
		{7AB5337F-8A6C-49D1-BE95-D167E1E4DBF4}.Debug|x64.ActiveCfg = Debug|x64
		{7AB5337F-8A6C-49D1-BE95-D167E1E4DBF4}.Debug|x64.Build.0 = Debug|x64
		{7AB5337F-8A6C-49D1-BE95-D167E1E4DBF4}.Debug|x86.ActiveCfg = Debug|Win32
		{7AB5337F-8A6C-49D1-BE95-D167E1E4DBF4}.Debug|x86.Build.0 = Debug|Win32
		{7AB5337F-8A6C-49D1-BE95-D167E1E4DBF4}.Release|x64.ActiveCfg = Release|x64
		{7AB5337F-8A6C-49D1-BE95-D167E1E4DBF4}.Release|x64.Build.0 = Release|x64
		{7AB5337F-8A6C-49D1-BE95-D167E1E4DBF4}.Release|x86.ActiveCfg = Release|Win32
		{7AB5337F-8A6C-49D1-BE95-D167E1E4DBF4}.Release|x86.Build.0 = Release|Win32
		{B875CA97-DAE0-4CA4-921F-D4EBE04875D5}.Debug|x64.ActiveCfg = Debug|x64
		{B875CA97-DAE0-4CA4-921F-D4EBE04875D5}.Debug|x64.Build.0 = Debug|x64
		{B875CA97-DAE0-4CA4-921F-D4EBE04875D5}.Debug|x86.ActiveCfg = Debug|Win32
		{B875CA97-DAE0-4CA4-921F-D4EBE04875D5}.Debug|x86.Build.0 = Debug|Win32
		{B875CA97-DAE0-4CA4-921F-D4EBE04875D5}.Release|x64.ActiveCfg = Release|x64
		{B875CA97-DAE0-4CA4-921F-D4EBE04875D5}.Release|x64.Build.0 = Release|x64
		{B875CA97-DAE0-4CA4-921F-D4EBE04875D5}.Release|x86.ActiveCfg = Release|Win32
		{B875CA97-DAE0-4CA4-921F-D4EBE04875D5}.Release|x86.Build.0 = Release|Win32
		{50237CF2-0A0C-4C57-8A09-9EB617F025D6}.Debug|x64.ActiveCfg = Debug|x64
		{50237CF2-0A0C-4C57-8A09-9EB617F025D6}.Debug|x64.Build.0 = Debug|x64
		{50237CF2-0A0C-4C57-8A09-9EB617F025D6}.Debug|x86.ActiveCfg = Debug|Win32
		{50237CF2-0A0C-4C57-8A09-9EB617F025D6}.Debug|x86.Build.0 = Debug|Win32
		{50237CF2-0A0C-4C57-8A09-9EB617F025D6}.Release|x64.ActiveCfg = Release|x64
		{50237CF2-0A0C-4C57-8A09-9EB617F025D6}.Release|x64.Build.0 = Release|x64
		{50237CF2-0A0C-4C57-8A09-9EB617F025D6}.Release|x86.ActiveCfg = Release|Win32
		{50237CF2-0A0C-4C57-8A09-9EB617F025D6}.Release|x86.Build.0 = Release|Win32
		{1A0C1EAB-1AA1-4CEB-9732-9EF392F4DC86}.Debug|x64.ActiveCfg = Debug|x64
		{1A0C1EAB-1AA1-4CEB-9732-9EF392F4DC86}.Debug|x64.Build.0 = Debug|x64
		{1A0C1EAB-1AA1-4CEB-9732-9EF392F4DC86}.Debug|x86.ActiveCfg = Debug|Win32
		{1A0C1EAB-1AA1-4CEB-9732-9EF392F4DC86}.Debug|x86.Build.0 = Debug|Win32
		{1A0C1EAB-1AA1-4CEB-9732-9EF392F4DC86}.Release|x64.ActiveCfg = Release|x64
		{1A0C1EAB-1AA1-4CEB-9732-9EF392F4DC86}.Release|x64.Build.0 = Release|x64
		{1A0C1EAB-1AA1-4CEB-9732-9EF392F4DC86}.Release|x86.ActiveCfg = Release|Win32
		{1A0C1EAB-1AA1-4CEB-9732-9EF392F4DC86}.Release|x86.Build.0 = Release|Win32
		{FD3F74DF-EFDF-4ECC-BCEB-0E423DF4BA2F}.Debug|x64.ActiveCfg = Debug|x64
		{FD3F74DF-EFDF-4ECC-BCEB-0E423DF4BA2F}.Debug|x64.Build.0 = Debug|x64
		{FD3F74DF-EFDF-4ECC-BCEB-0E423DF4BA2F}.Debug|x86.ActiveCfg = Debug|Win32
		{FD3F74DF-EFDF-4ECC-BCEB-0E423DF4BA2F}.Debug|x86.Build.0 = Debug|Win32
		{FD3F74DF-EFDF-4ECC-BCEB-0E423DF4BA2F}.Release|x64.ActiveCfg = Release|x64
		{FD3F74DF-EFDF-4ECC-BCEB-0E423DF4BA2F}.Release|x64.Build.0 = Release|x64
		{FD3F74DF-EFDF-4ECC-BCEB-0E423DF4BA2F}.Release|x86.ActiveCfg = Release|Win32
		{FD3F74DF-EFDF-4ECC-BCEB-0E423DF4BA2F}.Release|x86.Build.0 = Release|Win32
		{3A2E65EA-6A56-4557-9909-2E62C4244782}.Debug|x64.ActiveCfg = Debug|x64
		{3A2E65EA-6A56-4557-9909-2E62C4244782}.Debug|x64.Build.0 = Debug|x64
		{3A2E65EA-6A56-4557-9909-2E62C4244782}.Debug|x86.ActiveCfg = Debug|Win32
		{3A2E65EA-6A56-4557-9909-2E62C4244782}.Debug|x86.Build.0 = Debug|Win32
		{3A2E65EA-6A56-4557-9909-2E62C4244782}.Release|x64.ActiveCfg = Release|x64
		{3A2E65EA-6A56-4557-9909-2E62C4244782}.Release|x64.Build.0 = Release|x64
		{3A2E65EA-6A56-4557-9909-2E62C4244782}.Release|x86.ActiveCfg = Release|Win32
		{3A2E65EA-6A56-4557-9909-2E62C4244782}.Release|x86.Build.0 = Release|Win32
		{375F63BB-74B0-4D67-8AD1-2E2A0E39A89F}.Debug|x64.ActiveCfg = Debug|x64
		{375F63BB-74B0-4D67-8AD1-2E2A0E39A89F}.Debug|x64.Build.0 = Debug|x64
		{375F63BB-74B0-4D67-8AD1-2E2A0E39A89F}.Debug|x86.ActiveCfg = Debug|Win32
		{375F63BB-74B0-4D67-8AD1-2E2A0E39A89F}.Debug|x86.Build.0 = Debug|Win32
		{375F63BB-74B0-4D67-8AD1-2E2A0E39A89F}.Release|x64.ActiveCfg = Release|x64
		{375F63BB-74B0-4D67-8AD1-2E2A0E39A89F}.Release|x64.Build.0 = Release|x64
		{375F63BB-74B0-4D67-8AD1-2E2A0E39A89F}.Release|x86.ActiveCfg = Release|Win32
		{375F63BB-74B0-4D67-8AD1-2E2A0E39A89F}.Release|x86.Build.0 = Release|Win32
		{4DB202A0-5047-49BE-962C-120EFA8A5193}.Debug|x64.ActiveCfg = Debug|x64
		{4DB202A0-5047-49BE-962C-120EFA8A5193}.Debug|x64.Build.0 = Debug|x64
		{4DB202A0-5047-49BE-962C-120EFA8A5193}.Debug|x86.ActiveCfg = Debug|Win32
		{4DB202A0-5047-49BE-962C-120EFA8A5193}.Debug|x86.Build.0 = Debug|Win32
		{4DB202A0-5047-49BE-962C-120EFA8A5193}.Release|x64.ActiveCfg = Release|x64
		{4DB202A0-5047-49BE-962C-120EFA8A5193}.Release|x64.Build.0 = Release|x64
		{4DB202A0-5047-49BE-962C-120EFA8A5193}.Release|x86.ActiveCfg = Release|Win32
		{4DB202A0-5047-49BE-962C-120EFA8A5193}.Release|x86.Build.0 = Release|Win32
		{662BA65F-A21D-4AAE-BAD2-8A43C63856A6}.Debug|x64.ActiveCfg = Debug|x64
		{662BA65F-A21D-4AAE-BAD2-8A43C63856A6}.Debug|x64.Build.0 = Debug|x64
		{662BA65F-A21D-4AAE-BAD2-8A43C63856A6}.Debug|x86.ActiveCfg = Debug|Win32
		{662BA65F-A21D-4AAE-BAD2-8A43C63856A6}.Debug|x86.Build.0 = Debug|Win32
		{662BA65F-A21D-4AAE-BAD2-8A43C63856A6}.Release|x64.ActiveCfg = Release|x64
		{662BA65F-A21D-4AAE-BAD2-8A43C63856A6}.Release|x64.Build.0 = Release|x64
		{662BA65F-A21D-4AAE-BAD2-8A43C63856A6}.Release|x86.ActiveCfg = Release|Win32
		{662BA65F-A21D-4AAE-BAD2-8A43C63856A6}.Release|x86.Build.0 = Release|Win32
		{310B49D9-E2C3-4BD7-9283-70A9A6DB9BE6}.Debug|x64.ActiveCfg = Debug|x64
		{310B49D9-E2C3-4BD7-9283-70A9A6DB9BE6}.Debug|x64.Build.0 = Debug|x64
		{310B49D9-E2C3-4BD7-9283-70A9A6DB9BE6}.Debug|x86.ActiveCfg = Debug|Win32
		{310B49D9-E2C3-4BD7-9283-70A9A6DB9BE6}.Debug|x86.Build.0 = Debug|Win32
		{310B49D9-E2C3-4BD7-9283-70A9A6DB9BE6}.Release|x64.ActiveCfg = Release|x64
		{310B49D9-E2C3-4BD7-9283-70A9A6DB9BE6}.Release|x64.Build.0 = Release|x64
		{310B49D9-E2C3-4BD7-9283-70A9A6DB9BE6}.Release|x86.ActiveCfg = Release|Win32
		{310B49D9-E2C3-4BD7-9283-70A9A6DB9BE6}.Release|x86.Build.0 = Release|Win32
		{13584996-D2F2-4CC7-860F-FB427E05E5AC}.Debug|x64.ActiveCfg = Debug|x64
		{13584996-D2F2-4CC7-860F-FB427E05E5AC}.Debug|x64.Build.0 = Debug|x64
		{13584996-D2F2-4CC7-860F-FB427E05E5AC}.Debug|x86.ActiveCfg = Debug|Win32
		{13584996-D2F2-4CC7-860F-FB427E05E5AC}.Debug|x86.Build.0 = Debug|Win32
		{13584996-D2F2-4CC7-860F-FB427E05E5AC}.Release|x64.ActiveCfg = Release|x64
		{13584996-D2F2-4CC7-860F-FB427E05E5AC}.Release|x64.Build.0 = Release|x64
		{13584996-D2F2-4CC7-860F-FB427E05E5AC}.Release|x86.ActiveCfg = Release|Win32
		{13584996-D2F2-4CC7-860F-FB427E05E5AC}.Release|x86.Build.0 = Release|Win32
		{4054A6F0-9235-4D9D-BFEC-A7488FC93698}.Debug|x64.ActiveCfg = Debug|x64
		{4054A6F0-9235-4D9D-BFEC-A7488FC93698}.Debug|x64.Build.0 = Debug|x64
		{4054A6F0-9235-4D9D-BFEC-A7488FC93698}.Debug|x86.ActiveCfg = Debug|Win32
		{4054A6F0-9235-4D9D-BFEC-A7488FC93698}.Debug|x86.Build.0 = Debug|Win32
		{4054A6F0-9235-4D9D-BFEC-A7488FC93698}.Release|x64.ActiveCfg = Release|x64
		{4054A6F0-9235-4D9D-BFEC-A7488FC93698}.Release|x64.Build.0 = Release|x64
		{4054A6F0-9235-4D9D-BFEC-A7488FC93698}.Release|x86.ActiveCfg = Release|Win32
		{4054A6F0-9235-4D9D-BFEC-A7488FC93698}.Release|x86.Build.0 = Release|Win32
		{C2E0D5FE-63AA-4273-81FC-EA3A179B0123}.Debug|x64.ActiveCfg = Debug|x64
		{C2E0D5FE-63AA-4273-81FC-EA3A179B0123}.Debug|x64.Build.0 = Debug|x64
		{C2E0D5FE-63AA-4273-81FC-EA3A179B0123}.Debug|x86.ActiveCfg = Debug|Win32
		{C2E0D5FE-63AA-4273-81FC-EA3A179B0123}.Debug|x86.Build.0 = Debug|Win32
		{C2E0D5FE-63AA-4273-81FC-EA3A179B0123}.Release|x64.ActiveCfg = Release|x64
		{C2E0D5FE-63AA-4273-81FC-EA3A179B0123}.Release|x64.Build.0 = Release|x64
		{C2E0D5FE-63AA-4273-81FC-EA3A179B0123}.Release|x86.ActiveCfg = Release|Win32
		{C2E0D5FE-63AA-4273-81FC-EA3A179B0123}.Release|x86.Build.0 = Release|Win32
		{A5C913B3-A9ED-4E1A-9103-617551A0F695}.Debug|x64.ActiveCfg = Debug|x64
		{A5C913B3-A9ED-4E1A-9103-617551A0F695}.Debug|x64.Build.0 = Debug|x64
		{A5C913B3-A9ED-4E1A-9103-617551A0F695}.Debug|x86.ActiveCfg = Debug|Win32
		{A5C913B3-A9ED-4E1A-9103-617551A0F695}.Debug|x86.Build.0 = Debug|Win32
		{A5C913B3-A9ED-4E1A-9103-617551A0F695}.Release|x64.ActiveCfg = Release|x64
		{A5C913B3-A9ED-4E1A-9103-617551A0F695}.Release|x64.Build.0 = Release|x64
		{A5C913B3-A9ED-4E1A-9103-617551A0F695}.Release|x86.ActiveCfg = Release|Win32
		{A5C913B3-A9ED-4E1A-9103-617551A0F695}.Release|x86.Build.0 = Release|Win32
		{5577288C-6BD4-4131-ABBC-BB361B4BC7B6}.Debug|x64.ActiveCfg = Debug|x64
		{5577288C-6BD4-4131-ABBC-BB361B4BC7B6}.Debug|x64.Build.0 = Debug|x64
		{5577288C-6BD4-4131-ABBC-BB361B4BC7B6}.Debug|x86.ActiveCfg = Debug|Win32
		{5577288C-6BD4-4131-ABBC-BB361B4BC7B6}.Debug|x86.Build.0 = Debug|Win32
		{5577288C-6BD4-4131-ABBC-BB361B4BC7B6}.Release|x64.ActiveCfg = Release|x64
		{5577288C-6BD4-4131-ABBC-BB361B4BC7B6}.Release|x64.Build.0 = Release|x64
		{5577288C-6BD4-4131-ABBC-BB361B4BC7B6}.Release|x86.ActiveCfg = Release|Win32
		{5577288C-6BD4-4131-ABBC-BB361B4BC7B6}.Release|x86.Build.0 = Release|Win32
		{C23732C9-165F-421F-AC35-5949A615CF5B}.Debug|x64.ActiveCfg = Debug|x64
		{C23732C9-165F-421F-AC35-5949A615CF5B}.Debug|x64.Build.0 = Debug|x64
		{C23732C9-165F-421F-AC35-5949A615CF5B}.Debug|x86.ActiveCfg = Debug|Win32
		{C23732C9-165F-421F-AC35-5949A615CF5B}.Debug|x86.Build.0 = Debug|Win32
		{C23732C9-165F-421F-AC35-5949A615CF5B}.Release|x64.ActiveCfg = Release|x64
		{C23732C9-165F-421F-AC35-5949A615CF5B}.Release|x64.Build.0 = Release|x64
		{C23732C9-165F-421F-AC35-5949A615CF5B}.Release|x86.ActiveCfg = Release|Win32
		{C23732C9-165F-421F-AC35-5949A615CF5B}.Release|x86.Build.0 = Release|Win32
		{CEB92106-68D4-4ADF-A38F-1161497F997E}.Debug|x64.ActiveCfg = Debug|x64
		{CEB92106-68D4-4ADF-A38F-1161497F997E}.Debug|x64.Build.0 = Debug|x64
		{CEB92106-68D4-4ADF-A38F-1161497F997E}.Debug|x86.ActiveCfg = Debug|Win32
		{CEB92106-68D4-4ADF-A38F-1161497F997E}.Debug|x86.Build.0 = Debug|Win32
		{CEB92106-68D4-4ADF-A38F-1161497F997E}.Release|x64.ActiveCfg = Release|x64
		{CEB92106-68D4-4ADF-A38F-1161497F997E}.Release|x64.Build.0 = Release|x64
		{CEB92106-68D4-4ADF-A38F-1161497F997E}.Release|x86.ActiveCfg = Release|Win32
		{CEB92106-68D4-4ADF-A38F-1161497F997E}.Release|x86.Build.0 = Release|Win32
		{5685894D-CBED-4E32-80CB-14329C9BDDAB}.Debug|x64.ActiveCfg = Debug|x64
		{5685894D-CBED-4E32-80CB-14329C9BDDAB}.Debug|x64.Build.0 = Debug|x64
		{5685894D-CBED-4E32-80CB-14329C9BDDAB}.Debug|x86.ActiveCfg = Debug|Win32
		{5685894D-CBED-4E32-80CB-14329C9BDDAB}.Debug|x86.Build.0 = Debug|Win32
		{5685894D-CBED-4E32-80CB-14329C9BDDAB}.Release|x64.ActiveCfg = Release|x64
		{5685894D-CBED-4E32-80CB-14329C9BDDAB}.Release|x64.Build.0 = Release|x64
		{5685894D-CBED-4E32-80CB-14329C9BDDAB}.Release|x86.ActiveCfg = Release|Win32
		{5685894D-CBED-4E32-80CB-14329C9BDDAB}.Release|x86.Build.0 = Release|Win32
		{F2A08FA9-2938-4631-8197-C3FA73651F64}.Debug|x64.ActiveCfg = Debug|x64
		{F2A08FA9-2938-4631-8197-C3FA73651F64}.Debug|x64.Build.0 = Debug|x64
		{F2A08FA9-2938-4631-8197-C3FA73651F64}.Debug|x86.ActiveCfg = Debug|Win32
		{F2A08FA9-2938-4631-8197-C3FA73651F64}.Debug|x86.Build.0 = Debug|Win32
		{F2A08FA9-2938-4631-8197-C3FA73651F64}.Release|x64.ActiveCfg = Release|x64
		{F2A08FA9-2938-4631-8197-C3FA73651F64}.Release|x64.Build.0 = Release|x64
		{F2A08FA9-2938-4631-8197-C3FA73651F64}.Release|x86.ActiveCfg = Release|Win32
		{F2A08FA9-2938-4631-8197-C3FA73651F64}.Release|x86.Build.0 = Release|Win32
		{75A4E742-03ED-4E88-8934-5F9439FE8F8B}.Debug|x64.ActiveCfg = Debug|x64
		{75A4E742-03ED-4E88-8934-5F9439FE8F8B}.Debug|x64.Build.0 = Debug|x64
		{75A4E742-03ED-4E88-8934-5F9439FE8F8B}.Debug|x86.ActiveCfg = Debug|Win32
		{75A4E742-03ED-4E88-8934-5F9439FE8F8B}.Debug|x86.Build.0 = Debug|Win32
		{75A4E742-03ED-4E88-8934-5F9439FE8F8B}.Release|x64.ActiveCfg = Release|x64
		{75A4E742-03ED-4E88-8934-5F9439FE8F8B}.Release|x64.Build.0 = Release|x64
		{75A4E742-03ED-4E88-8934-5F9439FE8F8B}.Release|x86.ActiveCfg = Release|Win32
		{75A4E742-03ED-4E88-8934-5F9439FE8F8B}.Release|x86.Build.0 = Release|Win32
		{494F5979-96FB-4A84-807B-6C8F77767E07}.Debug|x64.ActiveCfg = Debug|x64
		{494F5979-96FB-4A84-807B-6C8F77767E07}.Debug|x64.Build.0 = Debug|x64
		{494F5979-96FB-4A84-807B-6C8F77767E07}.Debug|x86.ActiveCfg = Debug|Win32
		{494F5979-96FB-4A84-807B-6C8F77767E07}.Debug|x86.Build.0 = Debug|Win32
		{494F5979-96FB-4A84-807B-6C8F77767E07}.Release|x64.ActiveCfg = Release|x64
		{494F5979-96FB-4A84-807B-6C8F77767E07}.Release|x64.Build.0 = Release|x64
		{494F5979-96FB-4A84-807B-6C8F77767E07}.Release|x86.ActiveCfg = Release|Win32
		{494F5979-96FB-4A84-807B-6C8F77767E07}.Release|x86.Build.0 = Release|Win32
		{C53C9F97-6AAC-4E1B-A5B9-DA2F3586D74B}.Debug|x64.ActiveCfg = Debug|x64
		{C53C9F97-6AAC-4E1B-A5B9-DA2F3586D74B}.Debug|x64.Build.0 = Debug|x64
		{C53C9F97-6AAC-4E1B-A5B9-DA2F3586D74B}.Debug|x86.ActiveCfg = Debug|Win32
		{C53C9F97-6AAC-4E1B-A5B9-DA2F3586D74B}.Debug|x86.Build.0 = Debug|Win32
		{C53C9F97-6AAC-4E1B-A5B9-DA2F3586D74B}.Release|x64.ActiveCfg = Release|x64
		{C53C9F97-6AAC-4E1B-A5B9-DA2F3586D74B}.Release|x64.Build.0 = Release|x64
		{C53C9F97-6AAC-4E1B-A5B9-DA2F3586D74B}.Release|x86.ActiveCfg = Release|Win32
		{C53C9F97-6AAC-4E1B-A5B9-DA2F3586D74B}.Release|x86.Build.0 = Release|Win32
		{A34C45CD-BEB9-484C-93FA-E9F06BAB7DF1}.Debug|x64.ActiveCfg = Debug|x64
		{A34C45CD-BEB9-484C-93FA-E9F06BAB7DF1}.Debug|x64.Build.0 = Debug|x64
		{A34C45CD-BEB9-484C-93FA-E9F06BAB7DF1}.Debug|x86.ActiveCfg = Debug|Win32
		{A34C45CD-BEB9-484C-93FA-E9F06BAB7DF1}.Debug|x86.Build.0 = Debug|Win32
		{A34C45CD-BEB9-484C-93FA-E9F06BAB7DF1}.Release|x64.ActiveCfg = Release|x64
		{A34C45CD-BEB9-484C-93FA-E9F06BAB7DF1}.Release|x64.Build.0 = Release|x64
		{A34C45CD-BEB9-484C-93FA-E9F06BAB7DF1}.Release|x86.ActiveCfg = Release|Win32
		{A34C45CD-BEB9-484C-93FA-E9F06BAB7DF1}.Release|x86.Build.0 = Release|Win32
		{DE4620F7-0357-4EB8-8242-B1A1B0C27E67}.Debug|x64.ActiveCfg = Debug|x64
		{DE4620F7-0357-4EB8-8242-B1A1B0C27E67}.Debug|x64.Build.0 = Debug|x64
		{DE4620F7-0357-4EB8-8242-B1A1B0C27E67}.Debug|x86.ActiveCfg = Debug|Win32
		{DE4620F7-0357-4EB8-8242-B1A1B0C27E67}.Debug|x86.Build.0 = Debug|Win32
		{DE4620F7-0357-4EB8-8242-B1A1B0C27E67}.Release|x64.ActiveCfg = Release|x64
		{DE4620F7-0357-4EB8-8242-B1A1B0C27E67}.Release|x64.Build.0 = Release|x64
		{DE4620F7-0357-4EB8-8242-B1A1B0C27E67}.Release|x86.ActiveCfg = Release|Win32
		{DE4620F7-0357-4EB8-8242-B1A1B0C27E67}.Release|x86.Build.0 = Release|Win32
		{BE693B65-DE2B-4D6A-B9A7-446F0B3FE688}.Debug|x64.ActiveCfg = Debug|x64
		{BE693B65-DE2B-4D6A-B9A7-446F0B3FE688}.Debug|x64.Build.0 = Debug|x64
		{BE693B65-DE2B-4D6A-B9A7-446F0B3FE688}.Debug|x86.ActiveCfg = Debug|Win32
		{BE693B65-DE2B-4D6A-B9A7-446F0B3FE688}.Debug|x86.Build.0 = Debug|Win32
		{BE693B65-DE2B-4D6A-B9A7-446F0B3FE688}.Release|x64.ActiveCfg = Release|x64
		{BE693B65-DE2B-4D6A-B9A7-446F0B3FE688}.Release|x64.Build.0 = Release|x64
		{BE693B65-DE2B-4D6A-B9A7-446F0B3FE688}.Release|x86.ActiveCfg = Release|Win32
		{BE693B65-DE2B-4D6A-B9A7-446F0B3FE688}.Release|x86.Build.0 = Release|Win32
		{1390D93D-2ECD-4C95-8A17-B13A441CB503}.Debug|x64.ActiveCfg = Debug|x64
		{1390D93D-2ECD-4C95-8A17-B13A441CB503}.Debug|x64.Build.0 = Debug|x64
		{1390D93D-2ECD-4C95-8A17-B13A441CB503}.Debug|x86.ActiveCfg = Debug|Win32
		{1390D93D-2ECD-4C95-8A17-B13A441CB503}.Debug|x86.Build.0 = Debug|Win32
		{1390D93D-2ECD-4C95-8A17-B13A441CB503}.Release|x64.ActiveCfg = Release|x64
		{1390D93D-2ECD-4C95-8A17-B13A441CB503}.Release|x64.Build.0 = Release|x64
		{1390D93D-2ECD-4C95-8A17-B13A441CB503}.Release|x86.ActiveCfg = Release|Win32
		{1390D93D-2ECD-4C95-8A17-B13A441CB503}.Release|x86.Build.0 = Release|Win32
		{78B68D1C-1CBA-439A-A998-1D92AD9E5F3E}.Debug|x64.ActiveCfg = Debug|x64
		{78B68D1C-1CBA-439A-A998-1D92AD9E5F3E}.Debug|x64.Build.0 = Debug|x64
		{78B68D1C-1CBA-439A-A998-1D92AD9E5F3E}.Debug|x86.ActiveCfg = Debug|Win32
		{78B68D1C-1CBA-439A-A998-1D92AD9E5F3E}.Debug|x86.Build.0 = Debug|Win32
		{78B68D1C-1CBA-439A-A998-1D92AD9E5F3E}.Release|x64.ActiveCfg = Release|x64
		{78B68D1C-1CBA-439A-A998-1D92AD9E5F3E}.Release|x64.Build.0 = Release|x64
		{78B68D1C-1CBA-439A-A998-1D92AD9E5F3E}.Release|x86.ActiveCfg = Release|Win32
		{78B68D1C-1CBA-439A-A998-1D92AD9E5F3E}.Release|x86.Build.0 = Release|Win32
		{E0D0AA6F-FFD0-4CD6-973D-B1A9E5B96F1E}.Debug|x64.ActiveCfg = Debug|x64
		{E0D0AA6F-FFD0-4CD6-973D-B1A9E5B96F1E}.Debug|x64.Build.0 = Debug|x64
		{E0D0AA6F-FFD0-4CD6-973D-B1A9E5B96F1E}.Debug|x86.ActiveCfg = Debug|Win32
		{E0D0AA6F-FFD0-4CD6-973D-B1A9E5B96F1E}.Debug|x86.Build.0 = Debug|Win32
		{E0D0AA6F-FFD0-4CD6-973D-B1A9E5B96F1E}.Release|x64.ActiveCfg = Release|x64
		{E0D0AA6F-FFD0-4CD6-973D-B1A9E5B96F1E}.Release|x64.Build.0 = Release|x64
		{E0D0AA6F-FFD0-4CD6-973D-B1A9E5B96F1E}.Release|x86.ActiveCfg = Release|Win32
		{E0D0AA6F-FFD0-4CD6-973D-B1A9E5B96F1E}.Release|x86.Build.0 = Release|Win32
		{EC1681F6-AC69-4E3E-B736-327AC82DD60C}.Debug|x64.ActiveCfg = Debug|x64
		{EC1681F6-AC69-4E3E-B736-327AC82DD60C}.Debug|x64.Build.0 = Debug|x64
		{EC1681F6-AC69-4E3E-B736-327AC82DD60C}.Debug|x86.ActiveCfg = Debug|Win32
		{EC1681F6-AC69-4E3E-B736-327AC82DD60C}.Debug|x86.Build.0 = Debug|Win32
		{EC1681F6-AC69-4E3E-B736-327AC82DD60C}.Release|x64.ActiveCfg = Release|x64
		{EC1681F6-AC69-4E3E-B736-327AC82DD60C}.Release|x64.Build.0 = Release|x64
		{EC1681F6-AC69-4E3E-B736-327AC82DD60C}.Release|x86.ActiveCfg = Release|Win32
		{EC1681F6-AC69-4E3E-B736-327AC82DD60C}.Release|x86.Build.0 = Release|Win32
		{C7E55F80-12CF-4E1C-B397-60C6C4A4997D}.Debug|x64.ActiveCfg = Debug|x64
		{C7E55F80-12CF-4E1C-B397-60C6C4A4997D}.Debug|x64.Build.0 = Debug|x64
		{C7E55F80-12CF-4E1C-B397-60C6C4A4997D}.Debug|x86.ActiveCfg = Debug|Win32
		{C7E55F80-12CF-4E1C-B397-60C6C4A4997D}.Debug|x86.Build.0 = Debug|Win32
		{C7E55F80-12CF-4E1C-B397-60C6C4A4997D}.Release|x64.ActiveCfg = Release|x64
		{C7E55F80-12CF-4E1C-B397-60C6C4A4997D}.Release|x64.Build.0 = Release|x64
		{C7E55F80-12CF-4E1C-B397-60C6C4A4997D}.Release|x86.ActiveCfg = Release|Win32
		{C7E55F80-12CF-4E1C-B397-60C6C4A4997D}.Release|x86.Build.0 = Release|Win32
		{B8B9F3C3-59AB-4775-9755-A87D9A7D9737}.Debug|x64.ActiveCfg = Debug|x64
		{B8B9F3C3-59AB-4775-9755-A87D9A7D9737}.Debug|x64.Build.0 = Debug|x64
		{B8B9F3C3-59AB-4775-9755-A87D9A7D9737}.Debug|x86.ActiveCfg = Debug|Win32
		{B8B9F3C3-59AB-4775-9755-A87D9A7D9737}.Debug|x86.Build.0 = Debug|Win32
		{B8B9F3C3-59AB-4775-9755-A87D9A7D9737}.Release|x64.ActiveCfg = Release|x64
		{B8B9F3C3-59AB-4775-9755-A87D9A7D9737}.Release|x64.Build.0 = Release|x64
		{B8B9F3C3-59AB-4775-9755-A87D9A7D9737}.Release|x86.ActiveCfg = Release|Win32
		{B8B9F3C3-59AB-4775-9755-A87D9A7D9737}.Release|x86.Build.0 = Release|Win32
		{FBE7DBB9-772A-4553-AB10-C16FF1F3AD33}.Debug|x64.ActiveCfg = Debug|x64
		{FBE7DBB9-772A-4553-AB10-C16FF1F3AD33}.Debug|x64.Build.0 = Debug|x64
		{FBE7DBB9-772A-4553-AB10-C16FF1F3AD33}.Debug|x86.ActiveCfg = Debug|Win32
		{FBE7DBB9-772A-4553-AB10-C16FF1F3AD33}.Debug|x86.Build.0 = Debug|Win32
		{FBE7DBB9-772A-4553-AB10-C16FF1F3AD33}.Release|x64.ActiveCfg = Release|x64
		{FBE7DBB9-772A-4553-AB10-C16FF1F3AD33}.Release|x64.Build.0 = Release|x64
		{FBE7DBB9-772A-4553-AB10-C16FF1F3AD33}.Release|x86.ActiveCfg = Release|Win32
		{FBE7DBB9-772A-4553-AB10-C16FF1F3AD33}.Release|x86.Build.0 = Release|Win32
		{4344CDFA-87B3-467E-958A-9E2B40E463DE}.Debug|x64.ActiveCfg = Debug|x64
		{4344CDFA-87B3-467E-958A-9E2B40E463DE}.Debug|x64.Build.0 = Debug|x64
		{4344CDFA-87B3-467E-958A-9E2B40E463DE}.Debug|x86.ActiveCfg = Debug|Win32
		{4344CDFA-87B3-467E-958A-9E2B40E463DE}.Debug|x86.Build.0 = Debug|Win32
		{4344CDFA-87B3-467E-958A-9E2B40E463DE}.Release|x64.ActiveCfg = Release|x64
		{4344CDFA-87B3-467E-958A-9E2B40E463DE}.Release|x64.Build.0 = Release|x64
		{4344CDFA-87B3-467E-958A-9E2B40E463DE}.Release|x86.ActiveCfg = Release|Win32
		{4344CDFA-87B3-467E-958A-9E2B40E463DE}.Release|x86.Build.0 = Release|Win32
		{2AB1A5A6-C194-4ADE-A634-8DD766C6D07A}.Debug|x64.ActiveCfg = Debug|x64
		{2AB1A5A6-C194-4ADE-A634-8DD766C6D07A}.Debug|x64.Build.0 = Debug|x64
		{2AB1A5A6-C194-4ADE-A634-8DD766C6D07A}.Debug|x86.ActiveCfg = Debug|Win32
		{2AB1A5A6-C194-4ADE-A634-8DD766C6D07A}.Debug|x86.Build.0 = Debug|Win32
		{2AB1A5A6-C194-4ADE-A634-8DD766C6D07A}.Release|x64.ActiveCfg = Release|x64
		{2AB1A5A6-C194-4ADE-A634-8DD766C6D07A}.Release|x64.Build.0 = Release|x64
		{2AB1A5A6-C194-4ADE-A634-8DD766C6D07A}.Release|x86.ActiveCfg = Release|Win32
		{2AB1A5A6-C194-4ADE-A634-8DD766C6D07A}.Release|x86.Build.0 = Release|Win32
		{9EA29605-4B24-497E-8E27-E9B9EC8B3983}.Debug|x64.ActiveCfg = Debug|x64
		{9EA29605-4B24-497E-8E27-E9B9EC8B3983}.Debug|x64.Build.0 = Debug|x64
		{9EA29605-4B24-497E-8E27-E9B9EC8B3983}.Debug|x86.ActiveCfg = Debug|Win32
		{9EA29605-4B24-497E-8E27-E9B9EC8B3983}.Debug|x86.Build.0 = Debug|Win32
		{9EA29605-4B24-497E-8E27-E9B9EC8B3983}.Release|x64.ActiveCfg = Release|x64
		{9EA29605-4B24-497E-8E27-E9B9EC8B3983}.Release|x64.Build.0 = Release|x64
		{9EA29605-4B24-497E-8E27-E9B9EC8B3983}.Release|x86.ActiveCfg = Release|Win32
		{9EA29605-4B24-497E-8E27-E9B9EC8B3983}.Release|x86.Build.0 = Release|Win32
		{C95A1249-845B-43FF-BC6A-90B69DCE45C3}.Debug|x64.ActiveCfg = Debug|x64
		{C95A1249-845B-43FF-BC6A-90B69DCE45C3}.Debug|x64.Build.0 = Debug|x64
		{C95A1249-845B-43FF-BC6A-90B69DCE45C3}.Debug|x86.ActiveCfg = Debug|Win32
		{C95A1249-845B-43FF-BC6A-90B69DCE45C3}.Debug|x86.Build.0 = Debug|Win32
		{C95A1249-845B-43FF-BC6A-90B69DCE45C3}.Release|x64.ActiveCfg = Release|x64
		{C95A1249-845B-43FF-BC6A-90B69DCE45C3}.Release|x64.Build.0 = Release|x64
		{C95A1249-845B-43FF-BC6A-90B69DCE45C3}.Release|x86.ActiveCfg = Release|Win32
		{C95A1249-845B-43FF-BC6A-90B69DCE45C3}.Release|x86.Build.0 = Release|Win32
		{6F2A2727-5CCB-4CE1-B054-3ED57D489FD9}.Debug|x64.ActiveCfg = Debug|x64
		{6F2A2727-5CCB-4CE1-B054-3ED57D489FD9}.Debug|x64.Build.0 = Debug|x64
		{6F2A2727-5CCB-4CE1-B054-3ED57D489FD9}.Debug|x86.ActiveCfg = Debug|Win32
		{6F2A2727-5CCB-4CE1-B054-3ED57D489FD9}.Debug|x86.Build.0 = Debug|Win32
		{6F2A2727-5CCB-4CE1-B054-3ED57D489FD9}.Release|x64.ActiveCfg = Release|x64
		{6F2A2727-5CCB-4CE1-B054-3ED57D489FD9}.Release|x64.Build.0 = Release|x64
		{6F2A2727-5CCB-4CE1-B054-3ED57D489FD9}.Release|x86.ActiveCfg = Release|Win32
		{6F2A2727-5CCB-4CE1-B054-3ED57D489FD9}.Release|x86.Build.0 = Release|Win32
	EndGlobalSection
	GlobalSection(SolutionProperties) = preSolution
		HideSolutionNode = FALSE
	EndGlobalSection
	GlobalSection(NestedProjects) = preSolution
		{CADB2DA2-56FD-47F9-817B-AAFA42378DD9} = {AE19A2A9-CE9A-48F1-BA90-228F9FF05D56}
		{587F5443-B048-4A7A-B773-FE5B6BA0728A} = {52754269-DCB3-4047-9B64-F9AE32323F4C}
		{0EEC40C7-807A-4D99-99A6-E3D329AEA25D} = {AE19A2A9-CE9A-48F1-BA90-228F9FF05D56}
		{2B8CDD09-AA57-4F5F-AB1B-6595BA7D1528} = {52754269-DCB3-4047-9B64-F9AE32323F4C}
		{D44BC11A-922A-43B5-8641-480B82BB1815} = {AE19A2A9-CE9A-48F1-BA90-228F9FF05D56}
		{AE19A2A9-CE9A-48F1-BA90-228F9FF05D56} = {EEE2A187-F607-48A8-8AA1-C221DA587F80}
		{767DEA47-B5AF-4589-8E6E-BB0492574F68} = {EEE2A187-F607-48A8-8AA1-C221DA587F80}
		{B47595DD-25C9-4B07-808A-7CCE497A61D1} = {767DEA47-B5AF-4589-8E6E-BB0492574F68}
		{52754269-DCB3-4047-9B64-F9AE32323F4C} = {EEE2A187-F607-48A8-8AA1-C221DA587F80}
		{0FC8B275-7514-4117-93A1-7E9C112B4B70} = {52754269-DCB3-4047-9B64-F9AE32323F4C}
		{05B6310E-59BC-496A-AD4F-CCDD23C7F04D} = {AE19A2A9-CE9A-48F1-BA90-228F9FF05D56}
		{795EB3A2-9F78-4AB8-833F-2B02FBC175F9} = {52754269-DCB3-4047-9B64-F9AE32323F4C}
		{558EB959-B88F-4796-B989-C8AB8F43A1B7} = {DF3B9BCA-178A-4E1A-9D5F-2F859354E8BB}
		{F7D1709F-E611-4C47-B878-3DF3C65FB974} = {B11F4D88-122B-4018-B091-9BA0B1CE690E}
		{7984C6EA-A159-46EB-8645-875C00F2DBA5} = {B11F4D88-122B-4018-B091-9BA0B1CE690E}
		{5C249B31-DAFC-4968-A25A-537DFE0524D7} = {B11F4D88-122B-4018-B091-9BA0B1CE690E}
		{D136E01F-5C94-40FD-B7FD-0583FF49334E} = {52754269-DCB3-4047-9B64-F9AE32323F4C}
		{501F34A2-41BD-4398-BEEE-3398633AC471} = {52754269-DCB3-4047-9B64-F9AE32323F4C}
		{ADA03319-6A25-448B-8828-E52873CD92D6} = {B11F4D88-122B-4018-B091-9BA0B1CE690E}
		{7AB5337F-8A6C-49D1-BE95-D167E1E4DBF4} = {52754269-DCB3-4047-9B64-F9AE32323F4C}
		{B875CA97-DAE0-4CA4-921F-D4EBE04875D5} = {DF3B9BCA-178A-4E1A-9D5F-2F859354E8BB}
		{50237CF2-0A0C-4C57-8A09-9EB617F025D6} = {DF3B9BCA-178A-4E1A-9D5F-2F859354E8BB}
		{FD3F74DF-EFDF-4ECC-BCEB-0E423DF4BA2F} = {AE19A2A9-CE9A-48F1-BA90-228F9FF05D56}
		{3A2E65EA-6A56-4557-9909-2E62C4244782} = {DF3B9BCA-178A-4E1A-9D5F-2F859354E8BB}
		{375F63BB-74B0-4D67-8AD1-2E2A0E39A89F} = {0AEF5629-DEF4-4C9F-992A-AB8E0E401B54}
		{4DB202A0-5047-49BE-962C-120EFA8A5193} = {52754269-DCB3-4047-9B64-F9AE32323F4C}
		{662BA65F-A21D-4AAE-BAD2-8A43C63856A6} = {0AEF5629-DEF4-4C9F-992A-AB8E0E401B54}
		{310B49D9-E2C3-4BD7-9283-70A9A6DB9BE6} = {52754269-DCB3-4047-9B64-F9AE32323F4C}
		{13584996-D2F2-4CC7-860F-FB427E05E5AC} = {0AEF5629-DEF4-4C9F-992A-AB8E0E401B54}
		{86CA3D9A-8C9C-4818-A36B-3AF7E11F2311} = {EEE2A187-F607-48A8-8AA1-C221DA587F80}
		{4054A6F0-9235-4D9D-BFEC-A7488FC93698} = {86CA3D9A-8C9C-4818-A36B-3AF7E11F2311}
		{C2E0D5FE-63AA-4273-81FC-EA3A179B0123} = {86CA3D9A-8C9C-4818-A36B-3AF7E11F2311}
		{A5C913B3-A9ED-4E1A-9103-617551A0F695} = {86CA3D9A-8C9C-4818-A36B-3AF7E11F2311}
		{5577288C-6BD4-4131-ABBC-BB361B4BC7B6} = {86CA3D9A-8C9C-4818-A36B-3AF7E11F2311}
		{C23732C9-165F-421F-AC35-5949A615CF5B} = {86CA3D9A-8C9C-4818-A36B-3AF7E11F2311}
		{CEB92106-68D4-4ADF-A38F-1161497F997E} = {86CA3D9A-8C9C-4818-A36B-3AF7E11F2311}
		{5685894D-CBED-4E32-80CB-14329C9BDDAB} = {86CA3D9A-8C9C-4818-A36B-3AF7E11F2311}
		{F2A08FA9-2938-4631-8197-C3FA73651F64} = {86CA3D9A-8C9C-4818-A36B-3AF7E11F2311}
		{75A4E742-03ED-4E88-8934-5F9439FE8F8B} = {86CA3D9A-8C9C-4818-A36B-3AF7E11F2311}
		{494F5979-96FB-4A84-807B-6C8F77767E07} = {86CA3D9A-8C9C-4818-A36B-3AF7E11F2311}
		{C53C9F97-6AAC-4E1B-A5B9-DA2F3586D74B} = {86CA3D9A-8C9C-4818-A36B-3AF7E11F2311}
		{A34C45CD-BEB9-484C-93FA-E9F06BAB7DF1} = {86CA3D9A-8C9C-4818-A36B-3AF7E11F2311}
		{DE4620F7-0357-4EB8-8242-B1A1B0C27E67} = {86CA3D9A-8C9C-4818-A36B-3AF7E11F2311}
		{BE693B65-DE2B-4D6A-B9A7-446F0B3FE688} = {DF3B9BCA-178A-4E1A-9D5F-2F859354E8BB}
		{1390D93D-2ECD-4C95-8A17-B13A441CB503} = {DF3B9BCA-178A-4E1A-9D5F-2F859354E8BB}
		{78B68D1C-1CBA-439A-A998-1D92AD9E5F3E} = {86CA3D9A-8C9C-4818-A36B-3AF7E11F2311}
		{E0D0AA6F-FFD0-4CD6-973D-B1A9E5B96F1E} = {DF3B9BCA-178A-4E1A-9D5F-2F859354E8BB}
		{EC1681F6-AC69-4E3E-B736-327AC82DD60C} = {86CA3D9A-8C9C-4818-A36B-3AF7E11F2311}
		{C7E55F80-12CF-4E1C-B397-60C6C4A4997D} = {86CA3D9A-8C9C-4818-A36B-3AF7E11F2311}
		{B8B9F3C3-59AB-4775-9755-A87D9A7D9737} = {86CA3D9A-8C9C-4818-A36B-3AF7E11F2311}
		{FBE7DBB9-772A-4553-AB10-C16FF1F3AD33} = {86CA3D9A-8C9C-4818-A36B-3AF7E11F2311}
		{4344CDFA-87B3-467E-958A-9E2B40E463DE} = {DF3B9BCA-178A-4E1A-9D5F-2F859354E8BB}
		{2AB1A5A6-C194-4ADE-A634-8DD766C6D07A} = {86CA3D9A-8C9C-4818-A36B-3AF7E11F2311}
		{9EA29605-4B24-497E-8E27-E9B9EC8B3983} = {DF3B9BCA-178A-4E1A-9D5F-2F859354E8BB}
		{C95A1249-845B-43FF-BC6A-90B69DCE45C3} = {86CA3D9A-8C9C-4818-A36B-3AF7E11F2311}
		{6F2A2727-5CCB-4CE1-B054-3ED57D489FD9} = {86CA3D9A-8C9C-4818-A36B-3AF7E11F2311}
	EndGlobalSection
	GlobalSection(ExtensibilityGlobals) = postSolution
		SolutionGuid = {6AB0EB42-EF7B-4605-9661-1D6F63E9F033}
	EndGlobalSection
EndGlobal
