<?xml version="1.0" encoding="utf-8"?>
<Project ToolsVersion="4.0" xmlns="http://schemas.microsoft.com/developer/msbuild/2003">
  <ItemGroup>
    <Filter Include="源文件">
      <UniqueIdentifier>{4FC737F1-C7A5-4376-A066-2A32D752A2FF}</UniqueIdentifier>
      <Extensions>cpp;c;cc;cxx;c++;cppm;ixx;def;odl;idl;hpj;bat;asm;asmx</Extensions>
    </Filter>
    <Filter Include="头文件">
      <UniqueIdentifier>{93995380-89BD-4b04-88EB-625FBE52EBFB}</UniqueIdentifier>
      <Extensions>h;hh;hpp;hxx;h++;hm;inl;inc;ipp;xsd</Extensions>
    </Filter>
    <Filter Include="资源文件">
      <UniqueIdentifier>{67DA6AB6-F800-4c08-8B7A-83BB121AAD01}</UniqueIdentifier>
      <Extensions>rc;ico;cur;bmp;dlg;rc2;rct;bin;rgs;gif;jpg;jpeg;jpe;resx;tiff;tif;png;wav;mfcribbon-ms</Extensions>
    </Filter>
  </ItemGroup>
  <ItemGroup>
    <ClCompile Include="Public\Vector\Math.Vector.ixx">
      <Filter>源文件</Filter>
    </ClCompile>
    <ClCompile Include="Public\Vector\Math.Vector-Vector2.ixx">
      <Filter>源文件</Filter>
    </ClCompile>
    <ClCompile Include="Public\Vector\Math.Vector-Vector3.ixx">
      <Filter>源文件</Filter>
    </ClCompile>
    <ClCompile Include="Public\Vector\Math.Vector-Vector4.ixx">
      <Filter>源文件</Filter>
    </ClCompile>
    <ClCompile Include="Public\Matrix\Math.Matrix.ixx">
      <Filter>源文件</Filter>
    </ClCompile>
    <ClCompile Include="Public\Matrix\Math.Matrix-Matrix2x2.ixx">
      <Filter>源文件</Filter>
    </ClCompile>
    <ClCompile Include="Public\Matrix\Math.Matrix-Matrix3x3.ixx">
      <Filter>源文件</Filter>
    </ClCompile>
    <ClCompile Include="Public\Matrix\Math.Matrix-Matrix4x4.ixx">
      <Filter>源文件</Filter>
    </ClCompile>
    <ClCompile Include="Public\Geometry\Math.Geometry.ixx">
      <Filter>源文件</Filter>
    </ClCompile>
    <ClCompile Include="Public\Geometry\Math.Geometry-Point3.ixx">
      <Filter>源文件</Filter>
    </ClCompile>
    <ClCompile Include="Public\Geometry\Math.Geometry-Normal3.ixx">
      <Filter>源文件</Filter>
    </ClCompile>
    <ClCompile Include="Public\Geometry\Math.Geometry-Ray3.ixx">
      <Filter>源文件</Filter>
    </ClCompile>
    <ClCompile Include="Public\Utility\Math.Limits.ixx">
      <Filter>源文件</Filter>
    </ClCompile>
    <ClCompile Include="Public\Geometry\Math.Geometry-Bounds2.ixx">
      <Filter>源文件</Filter>
    </ClCompile>
    <ClCompile Include="Public\Geometry\Math.Geometry-Point2.ixx">
      <Filter>源文件</Filter>
    </ClCompile>
    <ClCompile Include="Public\Geometry\Math.Geometry-Bounds3.ixx">
      <Filter>源文件</Filter>
    </ClCompile>
    <ClCompile Include="Public\Transform\Math.Transform.ixx">
      <Filter>源文件</Filter>
    </ClCompile>
    <ClCompile Include="Public\Transform\Math.Transform-Transform.ixx">
      <Filter>源文件</Filter>
    </ClCompile>
    <ClCompile Include="Public\Utility\Math.Trigonometric.ixx">
      <Filter>源文件</Filter>
    </ClCompile>
    <ClCompile Include="Public\Geometry\Math.Geometry-Quaternions.ixx">
      <Filter>源文件</Filter>
    </ClCompile>
    <ClCompile Include="Public\Utility\Math.Common.ixx">
      <Filter>源文件</Filter>
    </ClCompile>
    <ClCompile Include="Public\Transform\Math.Transform-AnimatedTransform.ixx">
      <Filter>源文件</Filter>
    </ClCompile>
    <ClCompile Include="Private\Transform\Math.Transform-Transform.cpp">
      <Filter>源文件</Filter>
    </ClCompile>
    <ClCompile Include="Private\Transform\Math.Transform-AnimatedTransform.cpp">
      <Filter>源文件</Filter>
    </ClCompile>
    <ClCompile Include="Public\Random\Math.Random.ixx">
      <Filter>源文件</Filter>
    </ClCompile>
    <ClCompile Include="Public\Random\Math.Random-RNG.ixx">
      <Filter>源文件</Filter>
    </ClCompile>
    <ClCompile Include="Private\Random\Math.Random-RNG.cpp">
      <Filter>源文件</Filter>
    </ClCompile>
  </ItemGroup>
</Project>