<?xml version="1.0" encoding="utf-8"?>
<Project ToolsVersion="4.0" xmlns="http://schemas.microsoft.com/developer/msbuild/2003">
  <ItemGroup>
    <Filter Include="源文件">
      <UniqueIdentifier>{4FC737F1-C7A5-4376-A066-2A32D752A2FF}</UniqueIdentifier>
      <Extensions>cpp;c;cc;cxx;c++;cppm;ixx;def;odl;idl;hpj;bat;asm;asmx</Extensions>
    </Filter>
    <Filter Include="头文件">
      <UniqueIdentifier>{93995380-89BD-4b04-88EB-625FBE52EBFB}</UniqueIdentifier>
      <Extensions>h;hh;hpp;hxx;h++;hm;inl;inc;ipp;xsd</Extensions>
    </Filter>
    <Filter Include="资源文件">
      <UniqueIdentifier>{67DA6AB6-F800-4c08-8B7A-83BB121AAD01}</UniqueIdentifier>
      <Extensions>rc;ico;cur;bmp;dlg;rc2;rct;bin;rgs;gif;jpg;jpeg;jpe;resx;tiff;tif;png;wav;mfcribbon-ms</Extensions>
    </Filter>
  </ItemGroup>
  <ItemGroup>
    <ClCompile Include="Public\Geometric\Vector\SE.Math.Geometric-Vector2.ixx">
      <Filter>源文件</Filter>
    </ClCompile>
    <ClCompile Include="Public\Geometric\Vector\SE.Math.Geometric-Vector3.ixx">
      <Filter>源文件</Filter>
    </ClCompile>
    <ClCompile Include="Public\Geometric\Vector\SE.Math.Geometric-Vector4.ixx">
      <Filter>源文件</Filter>
    </ClCompile>
    <ClCompile Include="Public\Geometric\Matrix\SE.Math.Geometric-Matrix2x2.ixx">
      <Filter>源文件</Filter>
    </ClCompile>
    <ClCompile Include="Public\Geometric\Matrix\SE.Math.Geometric-Matrix3x3.ixx">
      <Filter>源文件</Filter>
    </ClCompile>
    <ClCompile Include="Public\Geometric\Matrix\SE.Math.Geometric-Matrix4x4.ixx">
      <Filter>源文件</Filter>
    </ClCompile>
    <ClCompile Include="Public\Geometric\Geometry\SE.Math.Geometric-Point3.ixx">
      <Filter>源文件</Filter>
    </ClCompile>
    <ClCompile Include="Public\Geometric\Geometry\SE.Math.Geometric-Normal3.ixx">
      <Filter>源文件</Filter>
    </ClCompile>
    <ClCompile Include="Public\Geometric\Geometry\SE.Math.Geometric-Ray3.ixx">
      <Filter>源文件</Filter>
    </ClCompile>
    <ClCompile Include="Public\Misc\SE.Math.Misc-Limits.ixx">
      <Filter>源文件</Filter>
    </ClCompile>
    <ClCompile Include="Public\Geometric\Geometry\SE.Math.Geometric-Bounds2.ixx">
      <Filter>源文件</Filter>
    </ClCompile>
    <ClCompile Include="Public\Geometric\Geometry\SE.Math.Geometric-Point2.ixx">
      <Filter>源文件</Filter>
    </ClCompile>
    <ClCompile Include="Public\Geometric\Geometry\SE.Math.Geometric-Bounds3.ixx">
      <Filter>源文件</Filter>
    </ClCompile>
    <ClCompile Include="Public\Misc\SE.Math.Misc-Trigonometric.ixx">
      <Filter>源文件</Filter>
    </ClCompile>
    <ClCompile Include="Public\Geometric\Geometry\SE.Math.Geometric-Quaternions.ixx">
      <Filter>源文件</Filter>
    </ClCompile>
    <ClCompile Include="Public\Misc\SE.Math.Misc-Common.ixx">
      <Filter>源文件</Filter>
    </ClCompile>
    <ClCompile Include="Public\Misc\SE.Math.Misc-RNG.ixx">
      <Filter>源文件</Filter>
    </ClCompile>
    <ClCompile Include="Public\Misc\SE.Math.Misc-RoundingError.ixx">
      <Filter>源文件</Filter>
    </ClCompile>
    <ClCompile Include="Public\Misc\SE.Math.Misc-EquationSolving.ixx">
      <Filter>源文件</Filter>
    </ClCompile>
    <ClCompile Include="Public\Misc\SE.Math.Misc-SIMD.ixx">
      <Filter>源文件</Filter>
    </ClCompile>
    <ClCompile Include="Public\Geometric\Geometry\SE.Math.Geometric-Integral.ixx">
      <Filter>源文件</Filter>
    </ClCompile>
    <ClCompile Include="Public\Geometric\Geometry\SE.Math.Geometric-Geometric.ixx">
      <Filter>源文件</Filter>
    </ClCompile>
    <ClCompile Include="Public\Spline\SE.Math.Spline.ixx">
      <Filter>源文件</Filter>
    </ClCompile>
    <ClCompile Include="Public\Spline\SE.Math.Spline-AnimationCurve.ixx">
      <Filter>源文件</Filter>
    </ClCompile>
    <ClCompile Include="Public\Geometric\SE.Math.Geometric.ixx">
      <Filter>源文件</Filter>
    </ClCompile>
    <ClCompile Include="Public\Misc\SE.Math.Misc.ixx">
      <Filter>源文件</Filter>
    </ClCompile>
    <ClCompile Include="Public\Geometric\Geometry\SE.Math.Geometric-Transform.ixx">
      <Filter>源文件</Filter>
    </ClCompile>
    <ClCompile Include="Public\Geometric\Geometry\SE.Math.Geometric-AnimatedTransform.ixx">
      <Filter>源文件</Filter>
    </ClCompile>
  </ItemGroup>
</Project>