<?xml version="1.0" encoding="utf-8"?>
<Project ToolsVersion="4.0" xmlns="http://schemas.microsoft.com/developer/msbuild/2003">
  <ItemGroup>
    <Filter Include="源文件">
      <UniqueIdentifier>{4FC737F1-C7A5-4376-A066-2A32D752A2FF}</UniqueIdentifier>
      <Extensions>cpp;c;cc;cxx;c++;cppm;ixx;def;odl;idl;hpj;bat;asm;asmx</Extensions>
    </Filter>
    <Filter Include="头文件">
      <UniqueIdentifier>{93995380-89BD-4b04-88EB-625FBE52EBFB}</UniqueIdentifier>
      <Extensions>h;hh;hpp;hxx;h++;hm;inl;inc;ipp;xsd</Extensions>
    </Filter>
    <Filter Include="资源文件">
      <UniqueIdentifier>{67DA6AB6-F800-4c08-8B7A-83BB121AAD01}</UniqueIdentifier>
      <Extensions>rc;ico;cur;bmp;dlg;rc2;rct;bin;rgs;gif;jpg;jpeg;jpe;resx;tiff;tif;png;wav;mfcribbon-ms</Extensions>
    </Filter>
  </ItemGroup>
  <ItemGroup>
    <ClCompile Include="Public\Passes\RayTracingPasses\SE.SRenderer-UDPTPass.hpp">
      <Filter>源文件</Filter>
    </ClCompile>
    <ClCompile Include="Public\Passes\RayTracingPasses\SE.SRenderer-MMLTPass.hpp">
      <Filter>源文件</Filter>
    </ClCompile>
    <ClCompile Include="Public\Pipeline\SE.SRendere-ForwardPipeline.hpp">
      <Filter>源文件</Filter>
    </ClCompile>
    <ClCompile Include="Public\Passes\RasterizerPasses\SE.SRenderer-AlbedoPass.hpp">
      <Filter>源文件</Filter>
    </ClCompile>
    <ClCompile Include="Public\Passes\RasterizerPasses\SE.SRenderer-PreZPass.hpp">
      <Filter>源文件</Filter>
    </ClCompile>
    <ClCompile Include="Public\Pipeline\SE.SRendere-MMLTPipeline.hpp">
      <Filter>源文件</Filter>
    </ClCompile>
    <ClCompile Include="Public\Passes\FullScreenPasses\SE.SRenderer-ACEsPass.hpp">
      <Filter>源文件</Filter>
    </ClCompile>
    <ClCompile Include="Public\Passes\FullScreenPasses\SE.SRenderer-ClearI32RGBA.hpp">
      <Filter>源文件</Filter>
    </ClCompile>
    <ClCompile Include="Public\Passes\FullScreenPasses\SE.SRenderer-CombineI32RGBA.hpp">
      <Filter>源文件</Filter>
    </ClCompile>
    <ClCompile Include="Public\Pipeline\SE.SRendere-UDPTPipeline.hpp">
      <Filter>源文件</Filter>
    </ClCompile>
    <ClCompile Include="Public\Pipeline\SE.SRendere-BDPTPipeline.hpp">
      <Filter>源文件</Filter>
    </ClCompile>
    <ClCompile Include="Public\Passes\RayTracingPasses\SE.SRenderer-BDPTPass.hpp">
      <Filter>源文件</Filter>
    </ClCompile>
    <ClCompile Include="Public\Passes\RasterizerPasses\SE.SRenderer-FooPass.hpp">
      <Filter>源文件</Filter>
    </ClCompile>
    <ClCompile Include="Public\Passes\RasterizerPasses\SE.SRenderer-GBufferPass.hpp">
      <Filter>源文件</Filter>
    </ClCompile>
    <ClCompile Include="Public\Passes\FullScreenPasses\ScreenSpace\SE.SRenderer-BarPass.hpp">
      <Filter>源文件</Filter>
    </ClCompile>
    <ClCompile Include="Public\Passes\RasterizerPasses\SE.SRenderer-ForwardPass.hpp">
      <Filter>源文件</Filter>
    </ClCompile>
    <ClCompile Include="Public\Passes\FullScreenPasses\ScreenSpace\SE.SRenderer-BarLCPass.hpp">
      <Filter>源文件</Filter>
    </ClCompile>
    <ClCompile Include="Public\Passes\FullScreenPasses\SE.SRenderer-AccumulatePass.hpp">
      <Filter>源文件</Filter>
    </ClCompile>
    <ClCompile Include="Public\Passes\FullScreenPasses\ScreenSpace\SE.SRenderer-BarGTPass.hpp">
      <Filter>源文件</Filter>
    </ClCompile>
    <ClCompile Include="Public\Passes\FullScreenPasses\ScreenSpace\SE.SRenderer-RSSGeoReconstrPass.hpp">
      <Filter>源文件</Filter>
    </ClCompile>
    <ClCompile Include="Private\SE.SRenderer-RACommon.cpp">
      <Filter>源文件</Filter>
    </ClCompile>
    <ClCompile Include="Private\SE.SRenderer-RTCommon.cpp">
      <Filter>源文件</Filter>
    </ClCompile>
    <ClCompile Include="Private\SE.SRenderer-SRenderer.cpp">
      <Filter>源文件</Filter>
    </ClCompile>
    <ClCompile Include="Public\Passes\FullScreenPasses\MIP\SE.SRenderer-MIPSSLCPass.cpp">
      <Filter>源文件</Filter>
    </ClCompile>
    <ClCompile Include="Public\Passes\FullScreenPasses\SE.SRenderer-Blit.cpp">
      <Filter>源文件</Filter>
    </ClCompile>
    <ClCompile Include="Public\Pipeline\SE.SRendere-SSRXPipeline.cpp">
      <Filter>源文件</Filter>
    </ClCompile>
    <ClCompile Include="Public\Passes\RasterizerPasses\SE.SRenderer-CascadeShadowMapPass.cpp">
      <Filter>源文件</Filter>
    </ClCompile>
    <ClCompile Include="Public\Passes\RasterizerPasses\SE.SRenderer-ShadowMapPass.cpp">
      <Filter>源文件</Filter>
    </ClCompile>
  </ItemGroup>
  <ItemGroup>
    <ClInclude Include="Public\Core\SE.SRenderer-SRenderer.hpp">
      <Filter>头文件</Filter>
    </ClInclude>
    <ClInclude Include="Public\Core\SE.SRenderer-RTCommon.hpp">
      <Filter>头文件</Filter>
    </ClInclude>
    <ClInclude Include="Public\Core\SE.SRenderer-RACommon.hpp">
      <Filter>头文件</Filter>
    </ClInclude>
    <ClInclude Include="Public\SE.SRenderer.hpp">
      <Filter>头文件</Filter>
    </ClInclude>
    <ClInclude Include="Public\Passes\FullScreenPasses\MIP\SE.SRenderer-MIPSSLCPass.hpp">
      <Filter>头文件</Filter>
    </ClInclude>
    <ClInclude Include="Public\Passes\FullScreenPasses\SE.SRenderer-Blit.hpp">
      <Filter>头文件</Filter>
    </ClInclude>
    <ClInclude Include="Public\Passes\FullScreenPasses\MIP\SE.SRenderer-MIPMinPoolingPass.hpp">
      <Filter>头文件</Filter>
    </ClInclude>
    <ClInclude Include="Public\Passes\FullScreenPasses\MIP\SE.SRenderer-MIPAddPoolingPass.hpp">
      <Filter>头文件</Filter>
    </ClInclude>
    <ClInclude Include="Public\Passes\RasterizerPasses\SE.SRenderer-CascadeShadowMapPass.hpp">
      <Filter>源文件</Filter>
    </ClInclude>
    <ClInclude Include="Public\Passes\RasterizerPasses\SE.SRenderer-ShadowMapPass.hpp">
      <Filter>源文件</Filter>
    </ClInclude>
    <ClInclude Include="Public\Pipeline\SE.SRendere-SSRXPipeline.hpp">
      <Filter>源文件</Filter>
    </ClInclude>
    <ClInclude Include="Public\Passes\RayTracingPasses\SE.SRenderer-SSRXGTPass.hpp">
      <Filter>头文件</Filter>
    </ClInclude>
  </ItemGroup>
</Project>