<?xml version="1.0" encoding="utf-8"?>
<Project ToolsVersion="4.0" xmlns="http://schemas.microsoft.com/developer/msbuild/2003">
  <ItemGroup>
    <Filter Include="源文件">
      <UniqueIdentifier>{4FC737F1-C7A5-4376-A066-2A32D752A2FF}</UniqueIdentifier>
      <Extensions>cpp;c;cc;cxx;c++;cppm;ixx;def;odl;idl;hpj;bat;asm;asmx</Extensions>
    </Filter>
    <Filter Include="头文件">
      <UniqueIdentifier>{93995380-89BD-4b04-88EB-625FBE52EBFB}</UniqueIdentifier>
      <Extensions>h;hh;hpp;hxx;h++;hm;inl;inc;ipp;xsd</Extensions>
    </Filter>
    <Filter Include="资源文件">
      <UniqueIdentifier>{67DA6AB6-F800-4c08-8B7A-83BB121AAD01}</UniqueIdentifier>
      <Extensions>rc;ico;cur;bmp;dlg;rc2;rct;bin;rgs;gif;jpg;jpeg;jpe;resx;tiff;tif;png;wav;mfcribbon-ms</Extensions>
    </Filter>
  </ItemGroup>
  <ItemGroup>
    <ClCompile Include="Public\Integrator\Tracer.Integrator.ixx">
      <Filter>源文件</Filter>
    </ClCompile>
    <ClCompile Include="Public\Integrator\Tracer.Integrator-Integrator.ixx">
      <Filter>源文件</Filter>
    </ClCompile>
    <ClCompile Include="Public\Integrator\Tracer.Integrator-SamplerIntegrator.ixx">
      <Filter>源文件</Filter>
    </ClCompile>
    <ClCompile Include="Public\Sampler\Tracer.Sampler.ixx">
      <Filter>源文件</Filter>
    </ClCompile>
    <ClCompile Include="Public\Ray\Tracer.Ray.ixx">
      <Filter>源文件</Filter>
    </ClCompile>
    <ClCompile Include="Public\Ray\Tracer.Ray-Ray.ixx">
      <Filter>源文件</Filter>
    </ClCompile>
    <ClCompile Include="Public\Ray\Tracer.Ray-RayDifferential.ixx">
      <Filter>源文件</Filter>
    </ClCompile>
    <ClCompile Include="Public\Shape\Tracer.Shape.ixx">
      <Filter>源文件</Filter>
    </ClCompile>
    <ClCompile Include="Public\Shape\Tracer.Shape-Sphere.ixx">
      <Filter>源文件</Filter>
    </ClCompile>
    <ClCompile Include="Public\Camera\Tracer.Camera.ixx">
      <Filter>源文件</Filter>
    </ClCompile>
    <ClCompile Include="Public\Ray\Tracer.Ray-Camera.ixx">
      <Filter>源文件</Filter>
    </ClCompile>
    <ClCompile Include="Public\Medium\Tracer.Medium.ixx">
      <Filter>源文件</Filter>
    </ClCompile>
    <ClCompile Include="Public\Film\Tracer.Film.ixx">
      <Filter>源文件</Filter>
    </ClCompile>
    <ClCompile Include="Private\Ray\Tracer.Ray-Camera.cpp">
      <Filter>源文件</Filter>
    </ClCompile>
    <ClCompile Include="Public\Camera\Tracer.Camera-ProjectiveCamera.ixx">
      <Filter>源文件</Filter>
    </ClCompile>
    <ClCompile Include="Private\Camera\Tracer.Camera-ProjectiveCamera.cpp">
      <Filter>源文件</Filter>
    </ClCompile>
    <ClCompile Include="Public\Spectrum\Tracer.Spectrum.ixx">
      <Filter>源文件</Filter>
    </ClCompile>
    <ClCompile Include="Public\Spectrum\Tracer.Spectrum-CoefficientSpectrum.ixx">
      <Filter>源文件</Filter>
    </ClCompile>
    <ClCompile Include="Public\Spectrum\Tracer.Spectrum-SampledSpectrum.ixx">
      <Filter>源文件</Filter>
    </ClCompile>
    <ClCompile Include="Private\Spectrum\Tracer.Spectrum-SampledSpectrum.cpp">
      <Filter>源文件</Filter>
    </ClCompile>
    <ClCompile Include="Public\Filter\Tracer.Filter.ixx">
      <Filter>源文件</Filter>
    </ClCompile>
    <ClCompile Include="Public\Filter\Tracer.Filter-Filter.ixx">
      <Filter>源文件</Filter>
    </ClCompile>
    <ClCompile Include="Private\Film\Tracer.Film.cpp">
      <Filter>源文件</Filter>
    </ClCompile>
    <ClCompile Include="Public\Camera\Tracer.Camera-OrthographicCamera.ixx">
      <Filter>源文件</Filter>
    </ClCompile>
    <ClCompile Include="Private\Camera\Tracer.Camera-OrthographicCamera.cpp">
      <Filter>源文件</Filter>
    </ClCompile>
    <ClCompile Include="Public\Spectrum\Tracer.Spectrum-RGBSpectrum.ixx">
      <Filter>源文件</Filter>
    </ClCompile>
    <ClCompile Include="Private\Spectrum\Tracer.Spectrum-RGBSpectrum.cpp">
      <Filter>源文件</Filter>
    </ClCompile>
    <ClCompile Include="Public\Spectrum\Tracer.Spectrum-Common.ixx">
      <Filter>源文件</Filter>
    </ClCompile>
    <ClCompile Include="Private\Spectrum\Tracer.Spectrum-Common.cpp">
      <Filter>源文件</Filter>
    </ClCompile>
    <ClCompile Include="Public\Ray\Tracer.Ray-Sampler.ixx">
      <Filter>源文件</Filter>
    </ClCompile>
    <ClCompile Include="Private\Ray\Tracer.Ray-Sampler.cpp">
      <Filter>源文件</Filter>
    </ClCompile>
    <ClCompile Include="Private\Ray\Tracer.Ray-Ray.cpp">
      <Filter>源文件</Filter>
    </ClCompile>
    <ClCompile Include="Public\Material\Tracer.BxDF.ixx">
      <Filter>源文件</Filter>
    </ClCompile>
    <ClCompile Include="Public\Material\Tracer.BxDF-BxDF.ixx">
      <Filter>源文件</Filter>
    </ClCompile>
    <ClCompile Include="Private\Material\Tracer.BxDF-BxDF.cpp">
      <Filter>源文件</Filter>
    </ClCompile>
    <ClCompile Include="Public\Material\Tracer.BxDF-ScaledBxDF.ixx">
      <Filter>源文件</Filter>
    </ClCompile>
    <ClCompile Include="Public\Material\Tracer.Material.ixx">
      <Filter>源文件</Filter>
    </ClCompile>
    <ClCompile Include="Public\Material\Tracer.Material-MatteMaterial.ixx">
      <Filter>源文件</Filter>
    </ClCompile>
    <ClCompile Include="Public\Material\Tracer.Material-PlasticMaterial.ixx">
      <Filter>源文件</Filter>
    </ClCompile>
    <ClCompile Include="Public\Material\Tracer.Material-MixMaterial.ixx">
      <Filter>源文件</Filter>
    </ClCompile>
    <ClCompile Include="Public\Material\Tracer.Material-FourierMaterial.ixx">
      <Filter>源文件</Filter>
    </ClCompile>
    <ClCompile Include="Public\Texture\Tracer.Texture.ixx">
      <Filter>源文件</Filter>
    </ClCompile>
    <ClCompile Include="Public\Texture\Tracer.Texture-ConstantTexture.ixx">
      <Filter>源文件</Filter>
    </ClCompile>
    <ClCompile Include="Public\Texture\Tracer.Texture-ScaleTexture.ixx">
      <Filter>源文件</Filter>
    </ClCompile>
    <ClCompile Include="Public\Texture\Tracer.Texture-MixTexture.ixx">
      <Filter>源文件</Filter>
    </ClCompile>
    <ClCompile Include="Public\Texture\Tracer.Texture-BilerpTexture.ixx">
      <Filter>源文件</Filter>
    </ClCompile>
    <ClCompile Include="Public\Texture\Tracer.Texture-ImageTexture.ixx">
      <Filter>源文件</Filter>
    </ClCompile>
    <ClCompile Include="Public\Texture\Tracer.Texture-MIPMap.ixx">
      <Filter>源文件</Filter>
    </ClCompile>
    <ClCompile Include="Public\Texture\Tracer.Texture-UVTexture.ixx">
      <Filter>源文件</Filter>
    </ClCompile>
    <ClCompile Include="Public\Texture\Tracer.Texture-Checkerboard2DTexture.ixx">
      <Filter>源文件</Filter>
    </ClCompile>
    <ClCompile Include="Public\Texture\Tracer.Texture-Checkerboard3DTexture.ixx">
      <Filter>源文件</Filter>
    </ClCompile>
    <ClCompile Include="Public\Texture\Tracer.Texture-DotsTexture.ixx">
      <Filter>源文件</Filter>
    </ClCompile>
    <ClCompile Include="Public\Texture\Tracer.Texture-FBmTexture.ixx">
      <Filter>源文件</Filter>
    </ClCompile>
    <ClCompile Include="Public\Texture\Tracer.Texture-WindyTexture.ixx">
      <Filter>源文件</Filter>
    </ClCompile>
    <ClCompile Include="Public\Texture\Tracer.Texture-MarbleTexture.ixx">
      <Filter>源文件</Filter>
    </ClCompile>
    <ClCompile Include="Public\Material\Tracer.BSSRDF.ixx">
      <Filter>源文件</Filter>
    </ClCompile>
    <ClCompile Include="Public\Material\Tracer.BSSRDF-SeparableBSSRDF.ixx">
      <Filter>源文件</Filter>
    </ClCompile>
    <ClCompile Include="Public\Sampler\Tracer.Sampler-PixelSampler.ixx">
      <Filter>源文件</Filter>
    </ClCompile>
    <ClCompile Include="Private\Sampler\Tracer.Sampler-PixelSampler.cpp">
      <Filter>源文件</Filter>
    </ClCompile>
    <ClCompile Include="Public\Sampler\Tracer.Sampler-GlobalSampler.ixx">
      <Filter>源文件</Filter>
    </ClCompile>
    <ClCompile Include="Public\Sampler\Tracer.Sampler-StratifiedSampler.ixx">
      <Filter>源文件</Filter>
    </ClCompile>
    <ClCompile Include="Public\Sampler\Tracer.Sampler-HaltonSampler.ixx">
      <Filter>源文件</Filter>
    </ClCompile>
    <ClCompile Include="Public\Sampler\Tracer.Sampler-ZeroTwoSequenceSampler.ixx">
      <Filter>源文件</Filter>
    </ClCompile>
    <ClCompile Include="Public\Sampler\Tracer.Sampler-MaxMinDistSampler.ixx">
      <Filter>源文件</Filter>
    </ClCompile>
    <ClCompile Include="Public\Sampler\Tracer.Sampler-SobolSampler.ixx">
      <Filter>源文件</Filter>
    </ClCompile>
    <ClCompile Include="Public\Filter\Tracer.Filter-BoxFilter.ixx">
      <Filter>源文件</Filter>
    </ClCompile>
    <ClCompile Include="Public\Filter\Tracer.Filter-TriangleFilter.ixx">
      <Filter>源文件</Filter>
    </ClCompile>
    <ClCompile Include="Public\Filter\Tracer.Filter-GaussianFilter.ixx">
      <Filter>源文件</Filter>
    </ClCompile>
    <ClCompile Include="Public\Filter\Tracer.Filter-MitchellFilter.ixx">
      <Filter>源文件</Filter>
    </ClCompile>
    <ClCompile Include="Public\Filter\Tracer.Filter-LanczosSincFilter.ixx">
      <Filter>源文件</Filter>
    </ClCompile>
    <ClCompile Include="Public\Camera\Tracer.Camera-PerspectiveCamera.ixx">
      <Filter>源文件</Filter>
    </ClCompile>
    <ClCompile Include="Public\Material\Tracer.BxDF-SpecularReflection.ixx">
      <Filter>源文件</Filter>
    </ClCompile>
    <ClCompile Include="Public\Material\Tracer.BxDF-SpecularTransmission.ixx">
      <Filter>源文件</Filter>
    </ClCompile>
    <ClCompile Include="Public\Material\Tracer.BxDF-FresnelSpecular.ixx">
      <Filter>源文件</Filter>
    </ClCompile>
    <ClCompile Include="Public\Material\Tracer.BxDF-Lambertian.ixx">
      <Filter>源文件</Filter>
    </ClCompile>
    <ClCompile Include="Public\Material\Tracer.BxDF-MicrofacetReflection.ixx">
      <Filter>源文件</Filter>
    </ClCompile>
    <ClCompile Include="Public\Material\Tracer.BxDF-MicrofacetTransmission.ixx">
      <Filter>源文件</Filter>
    </ClCompile>
    <ClCompile Include="Public\Material\Tracer.BxDF-FresnelBlend.ixx">
      <Filter>源文件</Filter>
    </ClCompile>
    <ClCompile Include="Public\Material\Tracer.BxDF-FourierBSDF.ixx">
      <Filter>源文件</Filter>
    </ClCompile>
    <ClCompile Include="Public\Material\Tracer.BSSRDF-TabulatedBSSRDF.ixx">
      <Filter>源文件</Filter>
    </ClCompile>
    <ClCompile Include="Public\Material\Tracer.Material-SubsurfaceMaterial.ixx">
      <Filter>源文件</Filter>
    </ClCompile>
    <ClCompile Include="Public\Sampling\Tracer.Sampling.ixx">
      <Filter>源文件</Filter>
    </ClCompile>
    <ClCompile Include="Public\Sampling\Tracer.Sampling-Distribution1D.ixx">
      <Filter>源文件</Filter>
    </ClCompile>
    <ClCompile Include="Public\Sampling\Tracer.Sampling-Distribution2D.ixx">
      <Filter>源文件</Filter>
    </ClCompile>
    <ClCompile Include="Public\Integrator\Tracer.Integrator-PathIntegrator.ixx">
      <Filter>源文件</Filter>
    </ClCompile>
    <ClCompile Include="Public\Camera\Tracer.Camera-EnvironmentCamera.ixx">
      <Filter>源文件</Filter>
    </ClCompile>
    <ClCompile Include="Public\Camera\Tracer.Camera-RealisticCamera.ixx">
      <Filter>源文件</Filter>
    </ClCompile>
    <ClCompile Include="Private\Sampler\Tracer.Sampler-GlobalSampler.cpp">
      <Filter>源文件</Filter>
    </ClCompile>
    <ClCompile Include="Private\Sampler\Tracer.Sampler-StratifiedSampler.cpp">
      <Filter>源文件</Filter>
    </ClCompile>
    <ClCompile Include="Private\Integrator\Tracer.Integrator-SamplerIntegrator.cpp">
      <Filter>源文件</Filter>
    </ClCompile>
    <ClCompile Include="Public\Integrator\Tracer.Integrator-WhittedIntegrator.ixx">
      <Filter>源文件</Filter>
    </ClCompile>
    <ClCompile Include="Private\Integrator\Tracer.Integrator-WhittedIntegrator.cpp">
      <Filter>源文件</Filter>
    </ClCompile>
    <ClCompile Include="Public\Primitives\Tracer.Primitives-Aggregate.ixx">
      <Filter>源文件</Filter>
    </ClCompile>
    <ClCompile Include="Public\Material\Tracer.BxDF-Fresnel.ixx">
      <Filter>源文件</Filter>
    </ClCompile>
    <ClCompile Include="Public\Material\Tracer.BxDF-OrenNayar.ixx">
      <Filter>源文件</Filter>
    </ClCompile>
    <ClCompile Include="Public\Material\Tracer.BxDF-MicrofacetDistribution.ixx">
      <Filter>源文件</Filter>
    </ClCompile>
    <ClCompile Include="Public\Ray\Tracer.Ray-Medium.ixx">
      <Filter>源文件</Filter>
    </ClCompile>
    <ClCompile Include="Public\Medium\Tracer.Medium-HomogeneousMedium.ixx">
      <Filter>源文件</Filter>
    </ClCompile>
    <ClCompile Include="Public\Medium\Tracer.Medium-GridDensityMedium.ixx">
      <Filter>源文件</Filter>
    </ClCompile>
    <ClCompile Include="Public\Light\Tracer.Light-ProjectionLight.ixx">
      <Filter>源文件</Filter>
    </ClCompile>
    <ClCompile Include="Public\Light\Tracer.Light.ixx">
      <Filter>源文件</Filter>
    </ClCompile>
    <ClCompile Include="Public\Light\Tracer.Light-GonioPhotometricLight.ixx">
      <Filter>源文件</Filter>
    </ClCompile>
    <ClCompile Include="Public\Light\Tracer.Light-DiffuseAreaLight.ixx">
      <Filter>源文件</Filter>
    </ClCompile>
    <ClCompile Include="Public\Light\Tracer.Light-InfiniteAreaLight.ixx">
      <Filter>源文件</Filter>
    </ClCompile>
    <ClCompile Include="Private\Sampling\Tracer.Sampling-Distribution1D.cpp">
      <Filter>源文件</Filter>
    </ClCompile>
    <ClCompile Include="Public\Sampling\Tracer.Sampling-Sampling.ixx">
      <Filter>源文件</Filter>
    </ClCompile>
    <ClCompile Include="Private\Sampling\Tracer.Sampling-Sampling.cpp">
      <Filter>源文件</Filter>
    </ClCompile>
    <ClCompile Include="Private\Sampling\Tracer.Sampling-Distribution2D.cpp">
      <Filter>源文件</Filter>
    </ClCompile>
    <ClCompile Include="Public\Integrator\Tracer.Integrator-DirectLightingIntegrator.ixx">
      <Filter>源文件</Filter>
    </ClCompile>
    <ClCompile Include="Public\Primitives\Tracer.Primitives.ixx">
      <Filter>源文件</Filter>
    </ClCompile>
    <ClCompile Include="Public\Primitives\Tracer.Primitives-GeometricPrimitive.ixx">
      <Filter>源文件</Filter>
    </ClCompile>
    <ClCompile Include="Public\Primitives\Tracer.Primitives-TransformedPrimitive.ixx">
      <Filter>源文件</Filter>
    </ClCompile>
    <ClCompile Include="Public\Primitives\Tracer.Primitives-BVHAccel.ixx">
      <Filter>源文件</Filter>
    </ClCompile>
    <ClCompile Include="Public\Primitives\Tracer.Primitives-KdTreeAccel.ixx">
      <Filter>源文件</Filter>
    </ClCompile>
    <ClCompile Include="Private\Primitives\Tracer.Primitives-TransformedPrimitive.cpp">
      <Filter>源文件</Filter>
    </ClCompile>
    <ClCompile Include="Private\Primitives\Tracer.Primitives-GeometricPrimitive.cpp">
      <Filter>源文件</Filter>
    </ClCompile>
    <ClCompile Include="Public\Interactable\Tracer.Interactable.ixx">
      <Filter>源文件</Filter>
    </ClCompile>
    <ClCompile Include="Private\Interactable\Tracer.Interactable.cpp">
      <Filter>源文件</Filter>
    </ClCompile>
  </ItemGroup>
</Project>