<?xml version="1.0" encoding="utf-8"?>
<Project ToolsVersion="4.0" xmlns="http://schemas.microsoft.com/developer/msbuild/2003">
  <ItemGroup>
    <Filter Include="源文件">
      <UniqueIdentifier>{4FC737F1-C7A5-4376-A066-2A32D752A2FF}</UniqueIdentifier>
      <Extensions>cpp;c;cc;cxx;c++;cppm;ixx;def;odl;idl;hpj;bat;asm;asmx</Extensions>
    </Filter>
    <Filter Include="头文件">
      <UniqueIdentifier>{93995380-89BD-4b04-88EB-625FBE52EBFB}</UniqueIdentifier>
      <Extensions>h;hh;hpp;hxx;h++;hm;inl;inc;ipp;xsd</Extensions>
    </Filter>
    <Filter Include="资源文件">
      <UniqueIdentifier>{67DA6AB6-F800-4c08-8B7A-83BB121AAD01}</UniqueIdentifier>
      <Extensions>rc;ico;cur;bmp;dlg;rc2;rct;bin;rgs;gif;jpg;jpeg;jpe;resx;tiff;tif;png;wav;mfcribbon-ms</Extensions>
    </Filter>
  </ItemGroup>
  <ItemGroup>
    <ClCompile Include="Public\Integrator\Tracer.Integrator.ixx">
      <Filter>源文件</Filter>
    </ClCompile>
    <ClCompile Include="Public\Integrator\Tracer.Integrator-Integrator.ixx">
      <Filter>源文件</Filter>
    </ClCompile>
    <ClCompile Include="Public\Integrator\Tracer.Integrator-SamplerIntegrator.ixx">
      <Filter>源文件</Filter>
    </ClCompile>
    <ClCompile Include="Public\Sampler\Tracer.Sampler.ixx">
      <Filter>源文件</Filter>
    </ClCompile>
    <ClCompile Include="Public\Ray\Tracer.Ray.ixx">
      <Filter>源文件</Filter>
    </ClCompile>
    <ClCompile Include="Public\Ray\Tracer.Ray-Ray.ixx">
      <Filter>源文件</Filter>
    </ClCompile>
    <ClCompile Include="Public\Ray\Tracer.Ray-RayDifferential.ixx">
      <Filter>源文件</Filter>
    </ClCompile>
    <ClCompile Include="Public\Interactions\Tracer.Interactions.ixx">
      <Filter>源文件</Filter>
    </ClCompile>
    <ClCompile Include="Public\Interactions\Tracer.Interactions-Interaction.ixx">
      <Filter>源文件</Filter>
    </ClCompile>
    <ClCompile Include="Public\Interactions\Tracer.Interactions-SurfaceInteraction.ixx">
      <Filter>源文件</Filter>
    </ClCompile>
    <ClCompile Include="Public\Shape\Tracer.Shape.ixx">
      <Filter>源文件</Filter>
    </ClCompile>
    <ClCompile Include="Public\Shape\Tracer.Shape-Shape.ixx">
      <Filter>源文件</Filter>
    </ClCompile>
    <ClCompile Include="Private\Shape\Tracer.Shape-Shape.cpp">
      <Filter>源文件</Filter>
    </ClCompile>
    <ClCompile Include="Public\Shape\Tracer.Shape-Sphere.ixx">
      <Filter>源文件</Filter>
    </ClCompile>
    <ClCompile Include="Public\Camera\Tracer.Camera.ixx">
      <Filter>源文件</Filter>
    </ClCompile>
    <ClCompile Include="Public\Camera\Tracer.Camera-Camera.ixx">
      <Filter>源文件</Filter>
    </ClCompile>
    <ClCompile Include="Public\Medium\Tracer.Medium.ixx">
      <Filter>源文件</Filter>
    </ClCompile>
    <ClCompile Include="Public\Medium\Tracer.Medium-Medium.ixx">
      <Filter>源文件</Filter>
    </ClCompile>
    <ClCompile Include="Public\Film\Tracer.Film.ixx">
      <Filter>源文件</Filter>
    </ClCompile>
    <ClCompile Include="Public\Film\Tracer.Film-Film.ixx">
      <Filter>源文件</Filter>
    </ClCompile>
    <ClCompile Include="Private\Camera\Tracer.Camera-Camera.cpp">
      <Filter>源文件</Filter>
    </ClCompile>
    <ClCompile Include="Public\Camera\Tracer.Camera-ProjectiveCamera.ixx">
      <Filter>源文件</Filter>
    </ClCompile>
    <ClCompile Include="Private\Camera\Tracer.Camera-ProjectiveCamera.cpp">
      <Filter>源文件</Filter>
    </ClCompile>
    <ClCompile Include="Public\Spectrum\Tracer.Spectrum.ixx">
      <Filter>源文件</Filter>
    </ClCompile>
    <ClCompile Include="Public\Spectrum\Tracer.Spectrum-CoefficientSpectrum.ixx">
      <Filter>源文件</Filter>
    </ClCompile>
    <ClCompile Include="Public\Spectrum\Tracer.Spectrum-SampledSpectrum.ixx">
      <Filter>源文件</Filter>
    </ClCompile>
    <ClCompile Include="Private\Spectrum\Tracer.Spectrum-SampledSpectrum.cpp">
      <Filter>源文件</Filter>
    </ClCompile>
    <ClCompile Include="Public\Filter\Tracer.Filter.ixx">
      <Filter>源文件</Filter>
    </ClCompile>
    <ClCompile Include="Public\Filter\Tracer.Filter-Filter.ixx">
      <Filter>源文件</Filter>
    </ClCompile>
    <ClCompile Include="Private\Film\Tracer.Film-Film.cpp">
      <Filter>源文件</Filter>
    </ClCompile>
    <ClCompile Include="Public\Camera\Tracer.Camera-OrthographicCamera.ixx">
      <Filter>源文件</Filter>
    </ClCompile>
    <ClCompile Include="Private\Camera\Tracer.Camera-OrthographicCamera.cpp">
      <Filter>源文件</Filter>
    </ClCompile>
    <ClCompile Include="Public\Spectrum\Tracer.Spectrum-RGBSpectrum.ixx">
      <Filter>源文件</Filter>
    </ClCompile>
    <ClCompile Include="Private\Spectrum\Tracer.Spectrum-RGBSpectrum.cpp">
      <Filter>源文件</Filter>
    </ClCompile>
    <ClCompile Include="Public\Spectrum\Tracer.Spectrum-Common.ixx">
      <Filter>源文件</Filter>
    </ClCompile>
    <ClCompile Include="Private\Spectrum\Tracer.Spectrum-Common.cpp">
      <Filter>源文件</Filter>
    </ClCompile>
    <ClCompile Include="Public\Sampler\Tracer.Sampler-Sampler.ixx">
      <Filter>源文件</Filter>
    </ClCompile>
    <ClCompile Include="Private\Sampler\Tracer.Sampler-Sampler.cpp">
      <Filter>源文件</Filter>
    </ClCompile>
    <ClCompile Include="Public\Primitive\Tracer.Primitive.ixx">
      <Filter>源文件</Filter>
    </ClCompile>
    <ClCompile Include="Public\Primitive\Tracer.Primitive-Primitive.ixx">
      <Filter>源文件</Filter>
    </ClCompile>
    <ClCompile Include="Public\Primitive\Tracer.Primitive-TransformedPrimitive.ixx">
      <Filter>源文件</Filter>
    </ClCompile>
    <ClCompile Include="Private\Interactions\Tracer.Interactions-Interaction.cpp">
      <Filter>源文件</Filter>
    </ClCompile>
    <ClCompile Include="Public\Light\Tracer.Light.ixx">
      <Filter>源文件</Filter>
    </ClCompile>
    <ClCompile Include="Public\Light\Tracer.Light-Light.ixx">
      <Filter>源文件</Filter>
    </ClCompile>
    <ClCompile Include="Public\Medium\Tracer.Medium-MediumInterface.ixx">
      <Filter>源文件</Filter>
    </ClCompile>
    <ClCompile Include="Public\Interactions\Tracer.Interactions-MediumInteraction.ixx">
      <Filter>源文件</Filter>
    </ClCompile>
    <ClCompile Include="Public\Medium\Tracer.Medium-PhaseFunction.ixx">
      <Filter>源文件</Filter>
    </ClCompile>
    <ClCompile Include="Private\Shape\Tracer.Shape-Sphere.cpp">
      <Filter>源文件</Filter>
    </ClCompile>
  </ItemGroup>
</Project>