<?xml version="1.0" encoding="utf-8"?>
<Project ToolsVersion="4.0" xmlns="http://schemas.microsoft.com/developer/msbuild/2003">
  <ItemGroup>
    <Filter Include="源文件">
      <UniqueIdentifier>{4FC737F1-C7A5-4376-A066-2A32D752A2FF}</UniqueIdentifier>
      <Extensions>cpp;c;cc;cxx;c++;cppm;ixx;def;odl;idl;hpj;bat;asm;asmx</Extensions>
    </Filter>
    <Filter Include="头文件">
      <UniqueIdentifier>{93995380-89BD-4b04-88EB-625FBE52EBFB}</UniqueIdentifier>
      <Extensions>h;hh;hpp;hxx;h++;hm;inl;inc;ipp;xsd</Extensions>
    </Filter>
    <Filter Include="资源文件">
      <UniqueIdentifier>{67DA6AB6-F800-4c08-8B7A-83BB121AAD01}</UniqueIdentifier>
      <Extensions>rc;ico;cur;bmp;dlg;rc2;rct;bin;rgs;gif;jpg;jpeg;jpe;resx;tiff;tif;png;wav;mfcribbon-ms</Extensions>
    </Filter>
  </ItemGroup>
  <ItemGroup>
    <ClCompile Include="Public\Memory\SE.Core.Memory.ixx">
      <Filter>源文件</Filter>
    </ClCompile>
    <ClCompile Include="Public\Memory\SE.Core.Memory-Allocator.ixx">
      <Filter>源文件</Filter>
    </ClCompile>
    <ClCompile Include="Private\Memory\SE.Core.Memory-Allocator.cpp">
      <Filter>源文件</Filter>
    </ClCompile>
    <ClCompile Include="Public\Memory\SE.Core.Memory-MemoryManager.ixx">
      <Filter>源文件</Filter>
    </ClCompile>
    <ClCompile Include="Private\Memory\SE.Core.Memory-MemoryManager.cpp">
      <Filter>源文件</Filter>
    </ClCompile>
    <ClCompile Include="Public\Memory\SE.Core.Memory-SmartPtr.ixx">
      <Filter>源文件</Filter>
    </ClCompile>
    <ClCompile Include="Public\Print\SE.Core.Log.ixx">
      <Filter>源文件</Filter>
    </ClCompile>
    <ClCompile Include="Public\Print\SE.Core.Log-LogStream.ixx">
      <Filter>源文件</Filter>
    </ClCompile>
    <ClCompile Include="Public\System\SE.Core.System.ixx">
      <Filter>源文件</Filter>
    </ClCompile>
    <ClCompile Include="Public\System\SE.Core.System-Manager.ixx">
      <Filter>源文件</Filter>
    </ClCompile>
    <ClCompile Include="Public\Memory\SE.Core.Memory-StackAllocator.ixx">
      <Filter>源文件</Filter>
    </ClCompile>
    <ClCompile Include="Public\Memory\SE.Core.Memory-DoubleEndedStackAllocator.ixx">
      <Filter>源文件</Filter>
    </ClCompile>
    <ClCompile Include="Public\Print\SE.Core.Log-LogManager.ixx">
      <Filter>源文件</Filter>
    </ClCompile>
    <ClCompile Include="Public\Print\SE.Core.Log-Logger.ixx">
      <Filter>源文件</Filter>
    </ClCompile>
    <ClCompile Include="Public\IO\SE.Core.IO.ixx">
      <Filter>源文件</Filter>
    </ClCompile>
    <ClCompile Include="Public\IO\SE.Core.IO-SyncRW.ixx">
      <Filter>源文件</Filter>
    </ClCompile>
    <ClCompile Include="Public\IO\SE.Core.IO-File.ixx">
      <Filter>源文件</Filter>
    </ClCompile>
    <ClCompile Include="Public\Memory\SE.Core.Memory-Buffer.ixx">
      <Filter>源文件</Filter>
    </ClCompile>
    <ClCompile Include="Private\Memory\SE.Core.Memory-Buffer.cpp">
      <Filter>源文件</Filter>
    </ClCompile>
    <ClCompile Include="Public\Event\SE.Core.Event.ixx">
      <Filter>源文件</Filter>
    </ClCompile>
    <ClCompile Include="Public\Event\SE.Core.Event-Event.ixx">
      <Filter>源文件</Filter>
    </ClCompile>
    <ClCompile Include="Public\Event\SE.Core.Event-Signal.ixx">
      <Filter>源文件</Filter>
    </ClCompile>
    <ClCompile Include="Public\Memory\SE.Core.Memory-MemoryArena.ixx">
      <Filter>源文件</Filter>
    </ClCompile>
    <ClCompile Include="Public\Memory\SE.Core.Memory-Memory.ixx">
      <Filter>源文件</Filter>
    </ClCompile>
    <ClCompile Include="Private\Memory\SE.Core.Memory-MemoryArena.cpp">
      <Filter>源文件</Filter>
    </ClCompile>
    <ClCompile Include="Public\Memory\SE.Core.Memory-BlockedArray.ixx">
      <Filter>源文件</Filter>
    </ClCompile>
    <ClCompile Include="Private\Memory\SE.Core.Memory-StackAllocator.cpp">
      <Filter>源文件</Filter>
    </ClCompile>
    <ClCompile Include="Public\Misc\SE.Core.Misc-Timer.ixx">
      <Filter>源文件</Filter>
    </ClCompile>
    <ClCompile Include="Public\ECS\SE.Core.ECS-ECS.ixx">
      <Filter>源文件</Filter>
    </ClCompile>
    <ClCompile Include="Public\ECS\SE.Core.ECS-SparseSet.ixx">
      <Filter>源文件</Filter>
    </ClCompile>
    <ClCompile Include="Public\System\SE.Core.System-Layer.ixx">
      <Filter>源文件</Filter>
    </ClCompile>
    <ClCompile Include="Public\Resource\SE.Core.Resource.ixx">
      <Filter>源文件</Filter>
    </ClCompile>
    <ClCompile Include="Public\Resource\SE.Core.Resource-GUID.ixx">
      <Filter>源文件</Filter>
    </ClCompile>
    <ClCompile Include="Private\Resource\SE.Core.Resource-GUID.cpp">
      <Filter>源文件</Filter>
    </ClCompile>
    <ClCompile Include="Public\Resource\SE.Core.Resource-ResourceManager.ixx">
      <Filter>源文件</Filter>
    </ClCompile>
    <ClCompile Include="Public\Resource\SE.Core.Resource-OfflineManage.ixx">
      <Filter>源文件</Filter>
    </ClCompile>
    <ClCompile Include="Public\ECS\SE.Core.ECS.ixx">
      <Filter>源文件</Filter>
    </ClCompile>
    <ClCompile Include="Public\Misc\SE.Core.Misc.ixx">
      <Filter>源文件</Filter>
    </ClCompile>
    <ClCompile Include="Public\UnitTest\SE.Core.UnitTest.ixx">
      <Filter>源文件</Filter>
    </ClCompile>
  </ItemGroup>
</Project>