<?xml version="1.0" encoding="utf-8"?>
<Project ToolsVersion="4.0" xmlns="http://schemas.microsoft.com/developer/msbuild/2003">
  <ItemGroup>
    <Filter Include="源文件">
      <UniqueIdentifier>{4FC737F1-C7A5-4376-A066-2A32D752A2FF}</UniqueIdentifier>
      <Extensions>cpp;c;cc;cxx;c++;cppm;ixx;def;odl;idl;hpj;bat;asm;asmx</Extensions>
    </Filter>
    <Filter Include="头文件">
      <UniqueIdentifier>{93995380-89BD-4b04-88EB-625FBE52EBFB}</UniqueIdentifier>
      <Extensions>h;hh;hpp;hxx;h++;hm;inl;inc;ipp;xsd</Extensions>
    </Filter>
    <Filter Include="资源文件">
      <UniqueIdentifier>{67DA6AB6-F800-4c08-8B7A-83BB121AAD01}</UniqueIdentifier>
      <Extensions>rc;ico;cur;bmp;dlg;rc2;rct;bin;rgs;gif;jpg;jpeg;jpe;resx;tiff;tif;png;wav;mfcribbon-ms</Extensions>
    </Filter>
  </ItemGroup>
  <ItemGroup>
    <ClCompile Include="Public\Memory\Core.Memory.ixx">
      <Filter>源文件</Filter>
    </ClCompile>
    <ClCompile Include="Public\Memory\Core.Memory-Allocator.ixx">
      <Filter>源文件</Filter>
    </ClCompile>
    <ClCompile Include="Private\Memory\Core.Memory-Allocator.cpp">
      <Filter>源文件</Filter>
    </ClCompile>
    <ClCompile Include="Public\Memory\Core.Memory-MemoryManager.ixx">
      <Filter>源文件</Filter>
    </ClCompile>
    <ClCompile Include="Private\Memory\Core.Memory-MemoryManager.cpp">
      <Filter>源文件</Filter>
    </ClCompile>
    <ClCompile Include="Public\Memory\Core.Memory-SmartPtr.ixx">
      <Filter>源文件</Filter>
    </ClCompile>
    <ClCompile Include="Public\Print\Core.Log.ixx">
      <Filter>源文件</Filter>
    </ClCompile>
    <ClCompile Include="Public\Print\Core.Log-LogStream.ixx">
      <Filter>源文件</Filter>
    </ClCompile>
    <ClCompile Include="Public\System\Core.System.ixx">
      <Filter>源文件</Filter>
    </ClCompile>
    <ClCompile Include="Public\System\Core.System-Manager.ixx">
      <Filter>源文件</Filter>
    </ClCompile>
    <ClCompile Include="Public\Memory\Core.Memory-StackAllocator.ixx">
      <Filter>源文件</Filter>
    </ClCompile>
    <ClCompile Include="Public\Memory\Core.Memory-DoubleEndedStackAllocator.ixx">
      <Filter>源文件</Filter>
    </ClCompile>
    <ClCompile Include="Public\Print\Core.Log-LogManager.ixx">
      <Filter>源文件</Filter>
    </ClCompile>
    <ClCompile Include="Public\Print\Core.Log-Logger.ixx">
      <Filter>源文件</Filter>
    </ClCompile>
    <ClCompile Include="Public\IO\Core.IO.ixx">
      <Filter>源文件</Filter>
    </ClCompile>
    <ClCompile Include="Public\IO\Core.IO-SyncRW.ixx">
      <Filter>源文件</Filter>
    </ClCompile>
    <ClCompile Include="Public\IO\Core.IO-File.ixx">
      <Filter>源文件</Filter>
    </ClCompile>
    <ClCompile Include="Public\Memory\Core.Memory-Buffer.ixx">
      <Filter>源文件</Filter>
    </ClCompile>
    <ClCompile Include="Private\Memory\Core.Memory-Buffer.cpp">
      <Filter>源文件</Filter>
    </ClCompile>
    <ClCompile Include="Public\Event\Core.Event.ixx">
      <Filter>源文件</Filter>
    </ClCompile>
    <ClCompile Include="Public\Event\Core.Event-Event.ixx">
      <Filter>源文件</Filter>
    </ClCompile>
    <ClCompile Include="Public\Event\Core.Event-Signal.ixx">
      <Filter>源文件</Filter>
    </ClCompile>
    <ClCompile Include="Public\Memory\Core.Memory-MemoryArena.ixx">
      <Filter>源文件</Filter>
    </ClCompile>
    <ClCompile Include="Public\Memory\Core.Memory-Memory.ixx">
      <Filter>源文件</Filter>
    </ClCompile>
    <ClCompile Include="Private\Memory\Core.Memory-MemoryArena.cpp">
      <Filter>源文件</Filter>
    </ClCompile>
    <ClCompile Include="Public\Memory\Core.Memory-BlockedArray.ixx">
      <Filter>源文件</Filter>
    </ClCompile>
    <ClCompile Include="Private\Memory\Core.Memory-StackAllocator.cpp">
      <Filter>源文件</Filter>
    </ClCompile>
  </ItemGroup>
</Project>